// !$*UTF8*$!
{
	archiveVersion = 1;
	classes = {
	};
	objectVersion = 46;
	objects = {

/* Begin PBXBuildFile section */
		B40B871D1D650A48004944AA /* AUParamInfo.cpp in Sources */ = {isa = PBXBuildFile; fileRef = B40B86ED1D650A48004944AA /* AUParamInfo.cpp */; };
		B40B871E1D650A48004944AA /* CAAUParameter.cpp in Sources */ = {isa = PBXBuildFile; fileRef = B40B86EF1D650A48004944AA /* CAAUParameter.cpp */; };
		B40B871F1D650A48004944AA /* CADebugMacros.cpp in Sources */ = {isa = PBXBuildFile; fileRef = B40B86F11D650A48004944AA /* CADebugMacros.cpp */; };
		B40B87201D650A48004944AA /* ofxAudioUnit.cpp in Sources */ = {isa = PBXBuildFile; fileRef = B40B86F41D650A48004944AA /* ofxAudioUnit.cpp */; };
		B40B87211D650A48004944AA /* ofxAudioUnitCocoaUtilties.mm in Sources */ = {isa = PBXBuildFile; fileRef = B40B86F71D650A48004944AA /* ofxAudioUnitCocoaUtilties.mm */; };
		B40B87221D650A48004944AA /* ofxAudioUnitDSPNode.cpp in Sources */ = {isa = PBXBuildFile; fileRef = B40B86F81D650A48004944AA /* ofxAudioUnitDSPNode.cpp */; };
		B40B87231D650A48004944AA /* ofxAudioUnitFftNode.cpp in Sources */ = {isa = PBXBuildFile; fileRef = B40B86FA1D650A48004944AA /* ofxAudioUnitFftNode.cpp */; };
		B40B87241D650A48004944AA /* ofxAudioUnitFilePlayer.cpp in Sources */ = {isa = PBXBuildFile; fileRef = B40B86FC1D650A48004944AA /* ofxAudioUnitFilePlayer.cpp */; };
		B40B87251D650A48004944AA /* ofxAudioUnitHardwareUtils.cpp in Sources */ = {isa = PBXBuildFile; fileRef = B40B86FE1D650A48004944AA /* ofxAudioUnitHardwareUtils.cpp */; };
		B40B87261D650A48004944AA /* ofxAudioUnitInput.cpp in Sources */ = {isa = PBXBuildFile; fileRef = B40B87001D650A48004944AA /* ofxAudioUnitInput.cpp */; };
		B40B87271D650A48004944AA /* ofxAudioUnitMatrixMixer.cpp in Sources */ = {isa = PBXBuildFile; fileRef = B40B87021D650A48004944AA /* ofxAudioUnitMatrixMixer.cpp */; };
		B40B87281D650A48004944AA /* ofxAudioUnitMidi.cpp in Sources */ = {isa = PBXBuildFile; fileRef = B40B87041D650A48004944AA /* ofxAudioUnitMidi.cpp */; };
		B40B87291D650A48004944AA /* ofxAudioUnitMixer.cpp in Sources */ = {isa = PBXBuildFile; fileRef = B40B87061D650A48004944AA /* ofxAudioUnitMixer.cpp */; };
		B40B872A1D650A48004944AA /* ofxAudioUnitNetReceive.cpp in Sources */ = {isa = PBXBuildFile; fileRef = B40B87081D650A48004944AA /* ofxAudioUnitNetReceive.cpp */; };
		B40B872B1D650A48004944AA /* ofxAudioUnitNetSend.cpp in Sources */ = {isa = PBXBuildFile; fileRef = B40B870A1D650A48004944AA /* ofxAudioUnitNetSend.cpp */; };
		B40B872C1D650A48004944AA /* ofxAudioUnitOutput.cpp in Sources */ = {isa = PBXBuildFile; fileRef = B40B870C1D650A48004944AA /* ofxAudioUnitOutput.cpp */; };
		B40B872D1D650A48004944AA /* ofxAudioUnitRecorder.cpp in Sources */ = {isa = PBXBuildFile; fileRef = B40B870E1D650A48004944AA /* ofxAudioUnitRecorder.cpp */; };
		B40B872E1D650A48004944AA /* ofxAudioUnitSampler.cpp in Sources */ = {isa = PBXBuildFile; fileRef = B40B87101D650A48004944AA /* ofxAudioUnitSampler.cpp */; };
		B40B872F1D650A48004944AA /* ofxAudioUnitSpeechSynth.cpp in Sources */ = {isa = PBXBuildFile; fileRef = B40B87121D650A48004944AA /* ofxAudioUnitSpeechSynth.cpp */; };
		B40B87301D650A48004944AA /* ofxAudioUnitTap.cpp in Sources */ = {isa = PBXBuildFile; fileRef = B40B87141D650A48004944AA /* ofxAudioUnitTap.cpp */; };
		B40B87311D650A48004944AA /* TPCircularBuffer.c in Sources */ = {isa = PBXBuildFile; fileRef = B40B87181D650A48004944AA /* TPCircularBuffer.c */; };
		B40B87321D650A48004944AA /* CoreMIDI.framework in Frameworks */ = {isa = PBXBuildFile; fileRef = B40B871A1D650A48004944AA /* CoreMIDI.framework */; };
		B40B87331D650A48004944AA /* CoreAudioKit.framework in Frameworks */ = {isa = PBXBuildFile; fileRef = B40B871B1D650A48004944AA /* CoreAudioKit.framework */; };
		B40B87341D650A48004944AA /* AudioUnit.framework in Frameworks */ = {isa = PBXBuildFile; fileRef = B40B871C1D650A48004944AA /* AudioUnit.framework */; };
		B40B874D1D650A4B004944AA /* ofxAudioUnitChain.cpp in Sources */ = {isa = PBXBuildFile; fileRef = B40B87381D650A4B004944AA /* ofxAudioUnitChain.cpp */; };
		B40B874E1D650A4B004944AA /* ofxManagedAudioUnit.cpp in Sources */ = {isa = PBXBuildFile; fileRef = B40B873A1D650A4B004944AA /* ofxManagedAudioUnit.cpp */; };
		B40B874F1D650A4B004944AA /* ofxManagedAudioUnitMixer.cpp in Sources */ = {isa = PBXBuildFile; fileRef = B40B873C1D650A4B004944AA /* ofxManagedAudioUnitMixer.cpp */; };
		B40B87501D650A4B004944AA /* MidiHandler.cpp in Sources */ = {isa = PBXBuildFile; fileRef = B40B873F1D650A4B004944AA /* MidiHandler.cpp */; };
		B40B87511D650A4B004944AA /* PresetsHandler.cpp in Sources */ = {isa = PBXBuildFile; fileRef = B40B87411D650A4B004944AA /* PresetsHandler.cpp */; };
		B40B87521D650A4B004944AA /* UIHandler.cpp in Sources */ = {isa = PBXBuildFile; fileRef = B40B87431D650A4B004944AA /* UIHandler.cpp */; };
		B40B87531D650A4B004944AA /* ofxAudioUnitManager.cpp in Sources */ = {isa = PBXBuildFile; fileRef = B40B87451D650A4B004944AA /* ofxAudioUnitManager.cpp */; };
		B40B87541D650A4B004944AA /* ofxAudioUnitManagerUtils.cpp in Sources */ = {isa = PBXBuildFile; fileRef = B40B87471D650A4B004944AA /* ofxAudioUnitManagerUtils.cpp */; };
		B40B87591D650A4E004944AA /* ofxBpm.cpp in Sources */ = {isa = PBXBuildFile; fileRef = B40B87571D650A4E004944AA /* ofxBpm.cpp */; };
		B40B87881D650A56004944AA /* ofxRtMidiIn.cpp in Sources */ = {isa = PBXBuildFile; fileRef = B40B875D1D650A56004944AA /* ofxRtMidiIn.cpp */; };
		B40B87891D650A56004944AA /* ofxRtMidiOut.cpp in Sources */ = {isa = PBXBuildFile; fileRef = B40B875F1D650A56004944AA /* ofxRtMidiOut.cpp */; };
		B40B878A1D650A56004944AA /* ofxBaseMidi.cpp in Sources */ = {isa = PBXBuildFile; fileRef = B40B876C1D650A56004944AA /* ofxBaseMidi.cpp */; };
		B40B878B1D650A56004944AA /* ofxMidi.cpp in Sources */ = {isa = PBXBuildFile; fileRef = B40B876E1D650A56004944AA /* ofxMidi.cpp */; };
		B40B878C1D650A56004944AA /* ofxMidiIn.cpp in Sources */ = {isa = PBXBuildFile; fileRef = B40B87711D650A56004944AA /* ofxMidiIn.cpp */; };
		B40B878D1D650A56004944AA /* ofxMidiMessage.cpp in Sources */ = {isa = PBXBuildFile; fileRef = B40B87731D650A56004944AA /* ofxMidiMessage.cpp */; };
		B40B878E1D650A56004944AA /* ofxMidiOut.cpp in Sources */ = {isa = PBXBuildFile; fileRef = B40B87751D650A56004944AA /* ofxMidiOut.cpp */; };
		B40B878F1D650A56004944AA /* RtMidi.cpp in Sources */ = {isa = PBXBuildFile; fileRef = B40B87851D650A56004944AA /* RtMidi.cpp */; };
		B40B87901D650A56004944AA /* CoreMIDI.framework in Frameworks */ = {isa = PBXBuildFile; fileRef = B40B87871D650A56004944AA /* CoreMIDI.framework */; };
		B40B87971D650A85004944AA /* ofxAudioSequencerTemplate.cpp in Sources */ = {isa = PBXBuildFile; fileRef = B40B87931D650A85004944AA /* ofxAudioSequencerTemplate.cpp */; };
		B4FEAEA61D650D8800B0CF92 /* ofxHotKeys_impl_linux.cpp in Sources */ = {isa = PBXBuildFile; fileRef = B4FEAE391D650D8800B0CF92 /* ofxHotKeys_impl_linux.cpp */; };
		B4FEAEA71D650D8800B0CF92 /* ofxHotKeys_impl_mac.mm in Sources */ = {isa = PBXBuildFile; fileRef = B4FEAE3A1D650D8800B0CF92 /* ofxHotKeys_impl_mac.mm */; };
		B4FEAEA81D650D8800B0CF92 /* ofxHotKeys_impl_win.cpp in Sources */ = {isa = PBXBuildFile; fileRef = B4FEAE3B1D650D8800B0CF92 /* ofxHotKeys_impl_win.cpp */; };
		B4FEAEA91D650D8800B0CF92 /* ofxRemoveCocoaMenu.mm in Sources */ = {isa = PBXBuildFile; fileRef = B4FEAE3D1D650D8800B0CF92 /* ofxRemoveCocoaMenu.mm */; };
		B4FEAEAA1D650D8800B0CF92 /* ofxTimeline.cpp in Sources */ = {isa = PBXBuildFile; fileRef = B4FEAE3E1D650D8800B0CF92 /* ofxTimeline.cpp */; };
		B4FEAEAB1D650D8800B0CF92 /* ofxTLAudioTrack.cpp in Sources */ = {isa = PBXBuildFile; fileRef = B4FEAE401D650D8800B0CF92 /* ofxTLAudioTrack.cpp */; };
		B4FEAEAC1D650D8800B0CF92 /* ofxTLBangs.cpp in Sources */ = {isa = PBXBuildFile; fileRef = B4FEAE421D650D8800B0CF92 /* ofxTLBangs.cpp */; };
		B4FEAEAD1D650D8800B0CF92 /* ofxTLCameraTrack.cpp in Sources */ = {isa = PBXBuildFile; fileRef = B4FEAE441D650D8800B0CF92 /* ofxTLCameraTrack.cpp */; };
		B4FEAEAE1D650D8800B0CF92 /* ofxTLColors.cpp in Sources */ = {isa = PBXBuildFile; fileRef = B4FEAE461D650D8800B0CF92 /* ofxTLColors.cpp */; };
		B4FEAEAF1D650D8800B0CF92 /* ofxTLColorTrack.cpp in Sources */ = {isa = PBXBuildFile; fileRef = B4FEAE481D650D8800B0CF92 /* ofxTLColorTrack.cpp */; };
		B4FEAEB01D650D8800B0CF92 /* ofxTLCurves.cpp in Sources */ = {isa = PBXBuildFile; fileRef = B4FEAE4A1D650D8800B0CF92 /* ofxTLCurves.cpp */; };
		B4FEAEB11D650D8800B0CF92 /* ofxTLEmptyKeyframes.cpp in Sources */ = {isa = PBXBuildFile; fileRef = B4FEAE4C1D650D8800B0CF92 /* ofxTLEmptyKeyframes.cpp */; };
		B4FEAEB21D650D8800B0CF92 /* ofxTLEmptyTrack.cpp in Sources */ = {isa = PBXBuildFile; fileRef = B4FEAE4E1D650D8800B0CF92 /* ofxTLEmptyTrack.cpp */; };
		B4FEAEB31D650D8800B0CF92 /* ofxTLFlags.cpp in Sources */ = {isa = PBXBuildFile; fileRef = B4FEAE511D650D8800B0CF92 /* ofxTLFlags.cpp */; };
		B4FEAEB41D650D8800B0CF92 /* ofxTLImageSequence.cpp in Sources */ = {isa = PBXBuildFile; fileRef = B4FEAE531D650D8800B0CF92 /* ofxTLImageSequence.cpp */; };
		B4FEAEB51D650D8800B0CF92 /* ofxTLImageSequenceFrame.cpp in Sources */ = {isa = PBXBuildFile; fileRef = B4FEAE551D650D8800B0CF92 /* ofxTLImageSequenceFrame.cpp */; };
		B4FEAEB61D650D8800B0CF92 /* ofxTLImageTrack.cpp in Sources */ = {isa = PBXBuildFile; fileRef = B4FEAE571D650D8800B0CF92 /* ofxTLImageTrack.cpp */; };
		B4FEAEB71D650D8800B0CF92 /* ofxTLInOut.cpp in Sources */ = {isa = PBXBuildFile; fileRef = B4FEAE591D650D8800B0CF92 /* ofxTLInOut.cpp */; };
		B4FEAEB81D650D8800B0CF92 /* ofxTLKeyframes.cpp in Sources */ = {isa = PBXBuildFile; fileRef = B4FEAE5B1D650D8800B0CF92 /* ofxTLKeyframes.cpp */; };
		B4FEAEB91D650D8800B0CF92 /* ofxTLLFO.cpp in Sources */ = {isa = PBXBuildFile; fileRef = B4FEAE5D1D650D8800B0CF92 /* ofxTLLFO.cpp */; };
		B4FEAEBA1D650D8800B0CF92 /* ofxTLPage.cpp in Sources */ = {isa = PBXBuildFile; fileRef = B4FEAE5F1D650D8800B0CF92 /* ofxTLPage.cpp */; };
		B4FEAEBB1D650D8800B0CF92 /* ofxTLPageTabs.cpp in Sources */ = {isa = PBXBuildFile; fileRef = B4FEAE611D650D8800B0CF92 /* ofxTLPageTabs.cpp */; };
		B4FEAEBC1D650D8800B0CF92 /* ofxTLSwitches.cpp in Sources */ = {isa = PBXBuildFile; fileRef = B4FEAE631D650D8800B0CF92 /* ofxTLSwitches.cpp */; };
		B4FEAEBD1D650D8800B0CF92 /* ofxTLTicker.cpp in Sources */ = {isa = PBXBuildFile; fileRef = B4FEAE651D650D8800B0CF92 /* ofxTLTicker.cpp */; };
		B4FEAEBE1D650D8800B0CF92 /* ofxTLTrack.cpp in Sources */ = {isa = PBXBuildFile; fileRef = B4FEAE671D650D8800B0CF92 /* ofxTLTrack.cpp */; };
		B4FEAEBF1D650D8800B0CF92 /* ofxTLTrackHeader.cpp in Sources */ = {isa = PBXBuildFile; fileRef = B4FEAE691D650D8800B0CF92 /* ofxTLTrackHeader.cpp */; };
		B4FEAEC01D650D8800B0CF92 /* ofxTLVideoThumb.cpp in Sources */ = {isa = PBXBuildFile; fileRef = B4FEAE6B1D650D8800B0CF92 /* ofxTLVideoThumb.cpp */; };
		B4FEAEC11D650D8800B0CF92 /* ofxTLVideoTrack.cpp in Sources */ = {isa = PBXBuildFile; fileRef = B4FEAE6D1D650D8800B0CF92 /* ofxTLVideoTrack.cpp */; };
		B4FEAEC21D650D8800B0CF92 /* ofxTLZoomer.cpp in Sources */ = {isa = PBXBuildFile; fileRef = B4FEAE6F1D650D8800B0CF92 /* ofxTLZoomer.cpp */; };
		B4FEAEC31D650D8800B0CF92 /* kiss_fft.c in Sources */ = {isa = PBXBuildFile; fileRef = B4FEAE781D650D8800B0CF92 /* kiss_fft.c */; };
		B4FEAEC41D650D8800B0CF92 /* kiss_fftr.c in Sources */ = {isa = PBXBuildFile; fileRef = B4FEAE791D650D8800B0CF92 /* kiss_fftr.c */; };
		B4FEAEC51D650D8800B0CF92 /* ofOpenALSoundPlayer_TimelineAdditions.cpp in Sources */ = {isa = PBXBuildFile; fileRef = B4FEAE7C1D650D8800B0CF92 /* ofOpenALSoundPlayer_TimelineAdditions.cpp */; };
		B4FEAEC61D650D8800B0CF92 /* libsndfile.a in Frameworks */ = {isa = PBXBuildFile; fileRef = B4FEAE911D650D8800B0CF92 /* libsndfile.a */; };
		B4FEAEC71D650D8800B0CF92 /* libsndfile.a in Frameworks */ = {isa = PBXBuildFile; fileRef = B4FEAEA31D650D8800B0CF92 /* libsndfile.a */; };
		B4FEAED11D650D8800B0CF92 /* ofxXmlSettings.cpp in Sources */ = {isa = PBXBuildFile; fileRef = B4FEAECA1D650D8800B0CF92 /* ofxXmlSettings.cpp */; };
		B4FEAED21D650D8800B0CF92 /* tinyxml.cpp in Sources */ = {isa = PBXBuildFile; fileRef = B4FEAECD1D650D8800B0CF92 /* tinyxml.cpp */; };
		B4FEAED31D650D8800B0CF92 /* tinyxmlerror.cpp in Sources */ = {isa = PBXBuildFile; fileRef = B4FEAECF1D650D8800B0CF92 /* tinyxmlerror.cpp */; };
		B4FEAED41D650D8800B0CF92 /* tinyxmlparser.cpp in Sources */ = {isa = PBXBuildFile; fileRef = B4FEAED01D650D8800B0CF92 /* tinyxmlparser.cpp */; };
		B4FEAEF31D650D8800B0CF92 /* ofxEasing.cpp in Sources */ = {isa = PBXBuildFile; fileRef = B4FEAED91D650D8800B0CF92 /* ofxEasing.cpp */; };
		B4FEAEF41D650D8800B0CF92 /* ofxEasingBack.cpp in Sources */ = {isa = PBXBuildFile; fileRef = B4FEAEDB1D650D8800B0CF92 /* ofxEasingBack.cpp */; };
		B4FEAEF51D650D8800B0CF92 /* ofxEasingBounce.cpp in Sources */ = {isa = PBXBuildFile; fileRef = B4FEAEDD1D650D8800B0CF92 /* ofxEasingBounce.cpp */; };
		B4FEAEF61D650D8800B0CF92 /* ofxEasingCirc.cpp in Sources */ = {isa = PBXBuildFile; fileRef = B4FEAEDF1D650D8800B0CF92 /* ofxEasingCirc.cpp */; };
		B4FEAEF71D650D8800B0CF92 /* ofxEasingCubic.cpp in Sources */ = {isa = PBXBuildFile; fileRef = B4FEAEE11D650D8800B0CF92 /* ofxEasingCubic.cpp */; };
		B4FEAEF81D650D8800B0CF92 /* ofxEasingElastic.cpp in Sources */ = {isa = PBXBuildFile; fileRef = B4FEAEE31D650D8800B0CF92 /* ofxEasingElastic.cpp */; };
		B4FEAEF91D650D8800B0CF92 /* ofxEasingExpo.cpp in Sources */ = {isa = PBXBuildFile; fileRef = B4FEAEE51D650D8800B0CF92 /* ofxEasingExpo.cpp */; };
		B4FEAEFA1D650D8800B0CF92 /* ofxEasingLinear.cpp in Sources */ = {isa = PBXBuildFile; fileRef = B4FEAEE71D650D8800B0CF92 /* ofxEasingLinear.cpp */; };
		B4FEAEFB1D650D8800B0CF92 /* ofxEasingQuad.cpp in Sources */ = {isa = PBXBuildFile; fileRef = B4FEAEE91D650D8800B0CF92 /* ofxEasingQuad.cpp */; };
		B4FEAEFC1D650D8800B0CF92 /* ofxEasingQuart.cpp in Sources */ = {isa = PBXBuildFile; fileRef = B4FEAEEB1D650D8800B0CF92 /* ofxEasingQuart.cpp */; };
		B4FEAEFD1D650D8800B0CF92 /* ofxEasingQuint.cpp in Sources */ = {isa = PBXBuildFile; fileRef = B4FEAEED1D650D8800B0CF92 /* ofxEasingQuint.cpp */; };
		B4FEAEFE1D650D8800B0CF92 /* ofxEasingSine.cpp in Sources */ = {isa = PBXBuildFile; fileRef = B4FEAEEF1D650D8800B0CF92 /* ofxEasingSine.cpp */; };
		B4FEAEFF1D650D8800B0CF92 /* ofxTween.cpp in Sources */ = {isa = PBXBuildFile; fileRef = B4FEAEF11D650D8800B0CF92 /* ofxTween.cpp */; };
		B4FEAF071D650D8800B0CF92 /* ofxMSATimer.cpp in Sources */ = {isa = PBXBuildFile; fileRef = B4FEAF051D650D8800B0CF92 /* ofxMSATimer.cpp */; };
		B4FEAF0C1D650D8800B0CF92 /* ofxTimecode.cpp in Sources */ = {isa = PBXBuildFile; fileRef = B4FEAF0A1D650D8800B0CF92 /* ofxTimecode.cpp */; };
		B4FEAF121D650D8800B0CF92 /* ofxTextInputField.cpp in Sources */ = {isa = PBXBuildFile; fileRef = B4FEAF0F1D650D8800B0CF92 /* ofxTextInputField.cpp */; };
		E4328149138ABC9F0047C5CB /* openFrameworksDebug.a in Frameworks */ = {isa = PBXBuildFile; fileRef = E4328148138ABC890047C5CB /* openFrameworksDebug.a */; };
		E4B69E200A3A1BDC003C02F2 /* main.cpp in Sources */ = {isa = PBXBuildFile; fileRef = E4B69E1D0A3A1BDC003C02F2 /* main.cpp */; };
		E4B69E210A3A1BDC003C02F2 /* ofApp.cpp in Sources */ = {isa = PBXBuildFile; fileRef = E4B69E1E0A3A1BDC003C02F2 /* ofApp.cpp */; };
/* End PBXBuildFile section */

/* Begin PBXContainerItemProxy section */
		E4328147138ABC890047C5CB /* PBXContainerItemProxy */ = {
			isa = PBXContainerItemProxy;
			containerPortal = E4328143138ABC890047C5CB /* openFrameworksLib.xcodeproj */;
			proxyType = 2;
			remoteGlobalIDString = E4B27C1510CBEB8E00536013;
			remoteInfo = openFrameworks;
		};
		E4EEB9AB138B136A00A80321 /* PBXContainerItemProxy */ = {
			isa = PBXContainerItemProxy;
			containerPortal = E4328143138ABC890047C5CB /* openFrameworksLib.xcodeproj */;
			proxyType = 1;
			remoteGlobalIDString = E4B27C1410CBEB8E00536013;
			remoteInfo = openFrameworks;
		};
/* End PBXContainerItemProxy section */

/* Begin PBXCopyFilesBuildPhase section */
		E4C2427710CC5ABF004149E2 /* CopyFiles */ = {
			isa = PBXCopyFilesBuildPhase;
			buildActionMask = 2147483647;
			dstPath = "";
			dstSubfolderSpec = 10;
			files = (
			);
			runOnlyForDeploymentPostprocessing = 0;
		};
/* End PBXCopyFilesBuildPhase section */

/* Begin PBXFileReference section */
		B40B86ED1D650A48004944AA /* AUParamInfo.cpp */ = {isa = PBXFileReference; lastKnownFileType = sourcecode.cpp.cpp; path = AUParamInfo.cpp; sourceTree = "<group>"; };
		B40B86EE1D650A48004944AA /* AUParamInfo.h */ = {isa = PBXFileReference; lastKnownFileType = sourcecode.c.h; path = AUParamInfo.h; sourceTree = "<group>"; };
		B40B86EF1D650A48004944AA /* CAAUParameter.cpp */ = {isa = PBXFileReference; lastKnownFileType = sourcecode.cpp.cpp; path = CAAUParameter.cpp; sourceTree = "<group>"; };
		B40B86F01D650A48004944AA /* CAAUParameter.h */ = {isa = PBXFileReference; lastKnownFileType = sourcecode.c.h; path = CAAUParameter.h; sourceTree = "<group>"; };
		B40B86F11D650A48004944AA /* CADebugMacros.cpp */ = {isa = PBXFileReference; lastKnownFileType = sourcecode.cpp.cpp; path = CADebugMacros.cpp; sourceTree = "<group>"; };
		B40B86F21D650A48004944AA /* CADebugMacros.h */ = {isa = PBXFileReference; lastKnownFileType = sourcecode.c.h; path = CADebugMacros.h; sourceTree = "<group>"; };
		B40B86F31D650A48004944AA /* CAXException.h */ = {isa = PBXFileReference; lastKnownFileType = sourcecode.c.h; path = CAXException.h; sourceTree = "<group>"; };
		B40B86F41D650A48004944AA /* ofxAudioUnit.cpp */ = {isa = PBXFileReference; lastKnownFileType = sourcecode.cpp.cpp; path = ofxAudioUnit.cpp; sourceTree = "<group>"; };
		B40B86F51D650A48004944AA /* ofxAudioUnit.h */ = {isa = PBXFileReference; lastKnownFileType = sourcecode.c.h; path = ofxAudioUnit.h; sourceTree = "<group>"; };
		B40B86F61D650A48004944AA /* ofxAudioUnitBase.h */ = {isa = PBXFileReference; lastKnownFileType = sourcecode.c.h; path = ofxAudioUnitBase.h; sourceTree = "<group>"; };
		B40B86F71D650A48004944AA /* ofxAudioUnitCocoaUtilties.mm */ = {isa = PBXFileReference; lastKnownFileType = sourcecode.cpp.objcpp; path = ofxAudioUnitCocoaUtilties.mm; sourceTree = "<group>"; };
		B40B86F81D650A48004944AA /* ofxAudioUnitDSPNode.cpp */ = {isa = PBXFileReference; lastKnownFileType = sourcecode.cpp.cpp; path = ofxAudioUnitDSPNode.cpp; sourceTree = "<group>"; };
		B40B86F91D650A48004944AA /* ofxAudioUnitDSPNode.h */ = {isa = PBXFileReference; lastKnownFileType = sourcecode.c.h; path = ofxAudioUnitDSPNode.h; sourceTree = "<group>"; };
		B40B86FA1D650A48004944AA /* ofxAudioUnitFftNode.cpp */ = {isa = PBXFileReference; lastKnownFileType = sourcecode.cpp.cpp; path = ofxAudioUnitFftNode.cpp; sourceTree = "<group>"; };
		B40B86FB1D650A48004944AA /* ofxAudioUnitFftNode.h */ = {isa = PBXFileReference; lastKnownFileType = sourcecode.c.h; path = ofxAudioUnitFftNode.h; sourceTree = "<group>"; };
		B40B86FC1D650A48004944AA /* ofxAudioUnitFilePlayer.cpp */ = {isa = PBXFileReference; lastKnownFileType = sourcecode.cpp.cpp; path = ofxAudioUnitFilePlayer.cpp; sourceTree = "<group>"; };
		B40B86FD1D650A48004944AA /* ofxAudioUnitFilePlayer.h */ = {isa = PBXFileReference; lastKnownFileType = sourcecode.c.h; path = ofxAudioUnitFilePlayer.h; sourceTree = "<group>"; };
		B40B86FE1D650A48004944AA /* ofxAudioUnitHardwareUtils.cpp */ = {isa = PBXFileReference; lastKnownFileType = sourcecode.cpp.cpp; path = ofxAudioUnitHardwareUtils.cpp; sourceTree = "<group>"; };
		B40B86FF1D650A48004944AA /* ofxAudioUnitHardwareUtils.h */ = {isa = PBXFileReference; lastKnownFileType = sourcecode.c.h; path = ofxAudioUnitHardwareUtils.h; sourceTree = "<group>"; };
		B40B87001D650A48004944AA /* ofxAudioUnitInput.cpp */ = {isa = PBXFileReference; lastKnownFileType = sourcecode.cpp.cpp; path = ofxAudioUnitInput.cpp; sourceTree = "<group>"; };
		B40B87011D650A48004944AA /* ofxAudioUnitInput.h */ = {isa = PBXFileReference; lastKnownFileType = sourcecode.c.h; path = ofxAudioUnitInput.h; sourceTree = "<group>"; };
		B40B87021D650A48004944AA /* ofxAudioUnitMatrixMixer.cpp */ = {isa = PBXFileReference; lastKnownFileType = sourcecode.cpp.cpp; path = ofxAudioUnitMatrixMixer.cpp; sourceTree = "<group>"; };
		B40B87031D650A48004944AA /* ofxAudioUnitMatrixMixer.h */ = {isa = PBXFileReference; lastKnownFileType = sourcecode.c.h; path = ofxAudioUnitMatrixMixer.h; sourceTree = "<group>"; };
		B40B87041D650A48004944AA /* ofxAudioUnitMidi.cpp */ = {isa = PBXFileReference; lastKnownFileType = sourcecode.cpp.cpp; path = ofxAudioUnitMidi.cpp; sourceTree = "<group>"; };
		B40B87051D650A48004944AA /* ofxAudioUnitMidi.h */ = {isa = PBXFileReference; lastKnownFileType = sourcecode.c.h; path = ofxAudioUnitMidi.h; sourceTree = "<group>"; };
		B40B87061D650A48004944AA /* ofxAudioUnitMixer.cpp */ = {isa = PBXFileReference; lastKnownFileType = sourcecode.cpp.cpp; path = ofxAudioUnitMixer.cpp; sourceTree = "<group>"; };
		B40B87071D650A48004944AA /* ofxAudioUnitMixer.h */ = {isa = PBXFileReference; lastKnownFileType = sourcecode.c.h; path = ofxAudioUnitMixer.h; sourceTree = "<group>"; };
		B40B87081D650A48004944AA /* ofxAudioUnitNetReceive.cpp */ = {isa = PBXFileReference; lastKnownFileType = sourcecode.cpp.cpp; path = ofxAudioUnitNetReceive.cpp; sourceTree = "<group>"; };
		B40B87091D650A48004944AA /* ofxAudioUnitNetReceive.h */ = {isa = PBXFileReference; lastKnownFileType = sourcecode.c.h; path = ofxAudioUnitNetReceive.h; sourceTree = "<group>"; };
		B40B870A1D650A48004944AA /* ofxAudioUnitNetSend.cpp */ = {isa = PBXFileReference; lastKnownFileType = sourcecode.cpp.cpp; path = ofxAudioUnitNetSend.cpp; sourceTree = "<group>"; };
		B40B870B1D650A48004944AA /* ofxAudioUnitNetSend.h */ = {isa = PBXFileReference; lastKnownFileType = sourcecode.c.h; path = ofxAudioUnitNetSend.h; sourceTree = "<group>"; };
		B40B870C1D650A48004944AA /* ofxAudioUnitOutput.cpp */ = {isa = PBXFileReference; lastKnownFileType = sourcecode.cpp.cpp; path = ofxAudioUnitOutput.cpp; sourceTree = "<group>"; };
		B40B870D1D650A48004944AA /* ofxAudioUnitOutput.h */ = {isa = PBXFileReference; lastKnownFileType = sourcecode.c.h; path = ofxAudioUnitOutput.h; sourceTree = "<group>"; };
		B40B870E1D650A48004944AA /* ofxAudioUnitRecorder.cpp */ = {isa = PBXFileReference; lastKnownFileType = sourcecode.cpp.cpp; path = ofxAudioUnitRecorder.cpp; sourceTree = "<group>"; };
		B40B870F1D650A48004944AA /* ofxAudioUnitRecorder.h */ = {isa = PBXFileReference; lastKnownFileType = sourcecode.c.h; path = ofxAudioUnitRecorder.h; sourceTree = "<group>"; };
		B40B87101D650A48004944AA /* ofxAudioUnitSampler.cpp */ = {isa = PBXFileReference; lastKnownFileType = sourcecode.cpp.cpp; path = ofxAudioUnitSampler.cpp; sourceTree = "<group>"; };
		B40B87111D650A48004944AA /* ofxAudioUnitSampler.h */ = {isa = PBXFileReference; lastKnownFileType = sourcecode.c.h; path = ofxAudioUnitSampler.h; sourceTree = "<group>"; };
		B40B87121D650A48004944AA /* ofxAudioUnitSpeechSynth.cpp */ = {isa = PBXFileReference; lastKnownFileType = sourcecode.cpp.cpp; path = ofxAudioUnitSpeechSynth.cpp; sourceTree = "<group>"; };
		B40B87131D650A48004944AA /* ofxAudioUnitSpeechSynth.h */ = {isa = PBXFileReference; lastKnownFileType = sourcecode.c.h; path = ofxAudioUnitSpeechSynth.h; sourceTree = "<group>"; };
		B40B87141D650A48004944AA /* ofxAudioUnitTap.cpp */ = {isa = PBXFileReference; lastKnownFileType = sourcecode.cpp.cpp; path = ofxAudioUnitTap.cpp; sourceTree = "<group>"; };
		B40B87151D650A48004944AA /* ofxAudioUnitTap.h */ = {isa = PBXFileReference; lastKnownFileType = sourcecode.c.h; path = ofxAudioUnitTap.h; sourceTree = "<group>"; };
		B40B87161D650A48004944AA /* ofxAudioUnitUtils.h */ = {isa = PBXFileReference; lastKnownFileType = sourcecode.c.h; path = ofxAudioUnitUtils.h; sourceTree = "<group>"; };
		B40B87181D650A48004944AA /* TPCircularBuffer.c */ = {isa = PBXFileReference; lastKnownFileType = sourcecode.c.c; path = TPCircularBuffer.c; sourceTree = "<group>"; };
		B40B87191D650A48004944AA /* TPCircularBuffer.h */ = {isa = PBXFileReference; lastKnownFileType = sourcecode.c.h; path = TPCircularBuffer.h; sourceTree = "<group>"; };
		B40B871A1D650A48004944AA /* CoreMIDI.framework */ = {isa = PBXFileReference; lastKnownFileType = wrapper.framework; name = CoreMIDI.framework; path = ../../../../../../../../../../../System/Library/Frameworks/CoreMIDI.framework; sourceTree = "<group>"; };
		B40B871B1D650A48004944AA /* CoreAudioKit.framework */ = {isa = PBXFileReference; lastKnownFileType = wrapper.framework; name = CoreAudioKit.framework; path = ../../../../../../../../../../../System/Library/Frameworks/CoreAudioKit.framework; sourceTree = "<group>"; };
		B40B871C1D650A48004944AA /* AudioUnit.framework */ = {isa = PBXFileReference; lastKnownFileType = wrapper.framework; name = AudioUnit.framework; path = ../../../../../../../../../../../System/Library/Frameworks/AudioUnit.framework; sourceTree = "<group>"; };
		B40B87381D650A4B004944AA /* ofxAudioUnitChain.cpp */ = {isa = PBXFileReference; lastKnownFileType = sourcecode.cpp.cpp; path = ofxAudioUnitChain.cpp; sourceTree = "<group>"; };
		B40B87391D650A4B004944AA /* ofxAudioUnitChain.h */ = {isa = PBXFileReference; lastKnownFileType = sourcecode.c.h; path = ofxAudioUnitChain.h; sourceTree = "<group>"; };
		B40B873A1D650A4B004944AA /* ofxManagedAudioUnit.cpp */ = {isa = PBXFileReference; lastKnownFileType = sourcecode.cpp.cpp; path = ofxManagedAudioUnit.cpp; sourceTree = "<group>"; };
		B40B873B1D650A4B004944AA /* ofxManagedAudioUnit.h */ = {isa = PBXFileReference; lastKnownFileType = sourcecode.c.h; path = ofxManagedAudioUnit.h; sourceTree = "<group>"; };
		B40B873C1D650A4B004944AA /* ofxManagedAudioUnitMixer.cpp */ = {isa = PBXFileReference; lastKnownFileType = sourcecode.cpp.cpp; path = ofxManagedAudioUnitMixer.cpp; sourceTree = "<group>"; };
		B40B873D1D650A4B004944AA /* ofxManagedAudioUnitMixer.h */ = {isa = PBXFileReference; lastKnownFileType = sourcecode.c.h; path = ofxManagedAudioUnitMixer.h; sourceTree = "<group>"; };
		B40B873F1D650A4B004944AA /* MidiHandler.cpp */ = {isa = PBXFileReference; lastKnownFileType = sourcecode.cpp.cpp; path = MidiHandler.cpp; sourceTree = "<group>"; };
		B40B87401D650A4B004944AA /* MidiHandler.h */ = {isa = PBXFileReference; lastKnownFileType = sourcecode.c.h; path = MidiHandler.h; sourceTree = "<group>"; };
		B40B87411D650A4B004944AA /* PresetsHandler.cpp */ = {isa = PBXFileReference; lastKnownFileType = sourcecode.cpp.cpp; path = PresetsHandler.cpp; sourceTree = "<group>"; };
		B40B87421D650A4B004944AA /* PresetsHandler.h */ = {isa = PBXFileReference; lastKnownFileType = sourcecode.c.h; path = PresetsHandler.h; sourceTree = "<group>"; };
		B40B87431D650A4B004944AA /* UIHandler.cpp */ = {isa = PBXFileReference; lastKnownFileType = sourcecode.cpp.cpp; path = UIHandler.cpp; sourceTree = "<group>"; };
		B40B87441D650A4B004944AA /* UIHandler.h */ = {isa = PBXFileReference; lastKnownFileType = sourcecode.c.h; path = UIHandler.h; sourceTree = "<group>"; };
		B40B87451D650A4B004944AA /* ofxAudioUnitManager.cpp */ = {isa = PBXFileReference; lastKnownFileType = sourcecode.cpp.cpp; path = ofxAudioUnitManager.cpp; sourceTree = "<group>"; };
		B40B87461D650A4B004944AA /* ofxAudioUnitManager.h */ = {isa = PBXFileReference; lastKnownFileType = sourcecode.c.h; path = ofxAudioUnitManager.h; sourceTree = "<group>"; };
		B40B87471D650A4B004944AA /* ofxAudioUnitManagerUtils.cpp */ = {isa = PBXFileReference; lastKnownFileType = sourcecode.cpp.cpp; path = ofxAudioUnitManagerUtils.cpp; sourceTree = "<group>"; };
		B40B87481D650A4B004944AA /* ofxAudioUnitManagerUtils.h */ = {isa = PBXFileReference; lastKnownFileType = sourcecode.c.h; path = ofxAudioUnitManagerUtils.h; sourceTree = "<group>"; };
		B40B874A1D650A4B004944AA /* Massive_Params.h */ = {isa = PBXFileReference; lastKnownFileType = sourcecode.c.h; path = Massive_Params.h; sourceTree = "<group>"; };
		B40B874B1D650A4B004944AA /* ofxAudioUnitParams.h */ = {isa = PBXFileReference; lastKnownFileType = sourcecode.c.h; path = ofxAudioUnitParams.h; sourceTree = "<group>"; };
		B40B874C1D650A4B004944AA /* TALNoiseMaker_Params.h */ = {isa = PBXFileReference; lastKnownFileType = sourcecode.c.h; path = TALNoiseMaker_Params.h; sourceTree = "<group>"; };
		B40B87571D650A4E004944AA /* ofxBpm.cpp */ = {isa = PBXFileReference; lastKnownFileType = sourcecode.cpp.cpp; path = ofxBpm.cpp; sourceTree = "<group>"; };
		B40B87581D650A4E004944AA /* ofxBpm.h */ = {isa = PBXFileReference; lastKnownFileType = sourcecode.c.h; path = ofxBpm.h; sourceTree = "<group>"; };
		B40B875D1D650A56004944AA /* ofxRtMidiIn.cpp */ = {isa = PBXFileReference; lastKnownFileType = sourcecode.cpp.cpp; path = ofxRtMidiIn.cpp; sourceTree = "<group>"; };
		B40B875E1D650A56004944AA /* ofxRtMidiIn.h */ = {isa = PBXFileReference; lastKnownFileType = sourcecode.c.h; path = ofxRtMidiIn.h; sourceTree = "<group>"; };
		B40B875F1D650A56004944AA /* ofxRtMidiOut.cpp */ = {isa = PBXFileReference; lastKnownFileType = sourcecode.cpp.cpp; path = ofxRtMidiOut.cpp; sourceTree = "<group>"; };
		B40B87601D650A56004944AA /* ofxRtMidiOut.h */ = {isa = PBXFileReference; lastKnownFileType = sourcecode.c.h; path = ofxRtMidiOut.h; sourceTree = "<group>"; };
		B40B876C1D650A56004944AA /* ofxBaseMidi.cpp */ = {isa = PBXFileReference; lastKnownFileType = sourcecode.cpp.cpp; path = ofxBaseMidi.cpp; sourceTree = "<group>"; };
		B40B876D1D650A56004944AA /* ofxBaseMidi.h */ = {isa = PBXFileReference; lastKnownFileType = sourcecode.c.h; path = ofxBaseMidi.h; sourceTree = "<group>"; };
		B40B876E1D650A56004944AA /* ofxMidi.cpp */ = {isa = PBXFileReference; lastKnownFileType = sourcecode.cpp.cpp; path = ofxMidi.cpp; sourceTree = "<group>"; };
		B40B876F1D650A56004944AA /* ofxMidi.h */ = {isa = PBXFileReference; lastKnownFileType = sourcecode.c.h; path = ofxMidi.h; sourceTree = "<group>"; };
		B40B87701D650A56004944AA /* ofxMidiConstants.h */ = {isa = PBXFileReference; lastKnownFileType = sourcecode.c.h; path = ofxMidiConstants.h; sourceTree = "<group>"; };
		B40B87711D650A56004944AA /* ofxMidiIn.cpp */ = {isa = PBXFileReference; lastKnownFileType = sourcecode.cpp.cpp; path = ofxMidiIn.cpp; sourceTree = "<group>"; };
		B40B87721D650A56004944AA /* ofxMidiIn.h */ = {isa = PBXFileReference; lastKnownFileType = sourcecode.c.h; path = ofxMidiIn.h; sourceTree = "<group>"; };
		B40B87731D650A56004944AA /* ofxMidiMessage.cpp */ = {isa = PBXFileReference; lastKnownFileType = sourcecode.cpp.cpp; path = ofxMidiMessage.cpp; sourceTree = "<group>"; };
		B40B87741D650A56004944AA /* ofxMidiMessage.h */ = {isa = PBXFileReference; lastKnownFileType = sourcecode.c.h; path = ofxMidiMessage.h; sourceTree = "<group>"; };
		B40B87751D650A56004944AA /* ofxMidiOut.cpp */ = {isa = PBXFileReference; lastKnownFileType = sourcecode.cpp.cpp; path = ofxMidiOut.cpp; sourceTree = "<group>"; };
		B40B87761D650A56004944AA /* ofxMidiOut.h */ = {isa = PBXFileReference; lastKnownFileType = sourcecode.c.h; path = ofxMidiOut.h; sourceTree = "<group>"; };
		B40B87771D650A56004944AA /* ofxMidiTypes.h */ = {isa = PBXFileReference; lastKnownFileType = sourcecode.c.h; path = ofxMidiTypes.h; sourceTree = "<group>"; };
		B40B87841D650A56004944AA /* readme */ = {isa = PBXFileReference; lastKnownFileType = text; path = readme; sourceTree = "<group>"; };
		B40B87851D650A56004944AA /* RtMidi.cpp */ = {isa = PBXFileReference; lastKnownFileType = sourcecode.cpp.cpp; path = RtMidi.cpp; sourceTree = "<group>"; };
		B40B87861D650A56004944AA /* RtMidi.h */ = {isa = PBXFileReference; lastKnownFileType = sourcecode.c.h; path = RtMidi.h; sourceTree = "<group>"; };
		B40B87871D650A56004944AA /* CoreMIDI.framework */ = {isa = PBXFileReference; lastKnownFileType = wrapper.framework; name = CoreMIDI.framework; path = ../../../../../../../../../../../System/Library/Frameworks/CoreMIDI.framework; sourceTree = "<group>"; };
		B40B87931D650A85004944AA /* ofxAudioSequencerTemplate.cpp */ = {isa = PBXFileReference; lastKnownFileType = sourcecode.cpp.cpp; path = ofxAudioSequencerTemplate.cpp; sourceTree = "<group>"; };
		B40B87941D650A85004944AA /* ofxAudioSequencerTemplate.h */ = {isa = PBXFileReference; lastKnownFileType = sourcecode.c.h; path = ofxAudioSequencerTemplate.h; sourceTree = "<group>"; };
		B4FEAE381D650D8800B0CF92 /* ofxHotKeys.h */ = {isa = PBXFileReference; lastKnownFileType = sourcecode.c.h; path = ofxHotKeys.h; sourceTree = "<group>"; };
		B4FEAE391D650D8800B0CF92 /* ofxHotKeys_impl_linux.cpp */ = {isa = PBXFileReference; lastKnownFileType = sourcecode.cpp.cpp; path = ofxHotKeys_impl_linux.cpp; sourceTree = "<group>"; };
		B4FEAE3A1D650D8800B0CF92 /* ofxHotKeys_impl_mac.mm */ = {isa = PBXFileReference; lastKnownFileType = sourcecode.cpp.objcpp; path = ofxHotKeys_impl_mac.mm; sourceTree = "<group>"; };
		B4FEAE3B1D650D8800B0CF92 /* ofxHotKeys_impl_win.cpp */ = {isa = PBXFileReference; lastKnownFileType = sourcecode.cpp.cpp; path = ofxHotKeys_impl_win.cpp; sourceTree = "<group>"; };
		B4FEAE3C1D650D8800B0CF92 /* ofxRemoveCocoaMenu.h */ = {isa = PBXFileReference; lastKnownFileType = sourcecode.c.h; path = ofxRemoveCocoaMenu.h; sourceTree = "<group>"; };
		B4FEAE3D1D650D8800B0CF92 /* ofxRemoveCocoaMenu.mm */ = {isa = PBXFileReference; lastKnownFileType = sourcecode.cpp.objcpp; path = ofxRemoveCocoaMenu.mm; sourceTree = "<group>"; };
		B4FEAE3E1D650D8800B0CF92 /* ofxTimeline.cpp */ = {isa = PBXFileReference; lastKnownFileType = sourcecode.cpp.cpp; path = ofxTimeline.cpp; sourceTree = "<group>"; };
		B4FEAE3F1D650D8800B0CF92 /* ofxTimeline.h */ = {isa = PBXFileReference; lastKnownFileType = sourcecode.c.h; path = ofxTimeline.h; sourceTree = "<group>"; };
		B4FEAE401D650D8800B0CF92 /* ofxTLAudioTrack.cpp */ = {isa = PBXFileReference; lastKnownFileType = sourcecode.cpp.cpp; path = ofxTLAudioTrack.cpp; sourceTree = "<group>"; };
		B4FEAE411D650D8800B0CF92 /* ofxTLAudioTrack.h */ = {isa = PBXFileReference; lastKnownFileType = sourcecode.c.h; path = ofxTLAudioTrack.h; sourceTree = "<group>"; };
		B4FEAE421D650D8800B0CF92 /* ofxTLBangs.cpp */ = {isa = PBXFileReference; lastKnownFileType = sourcecode.cpp.cpp; path = ofxTLBangs.cpp; sourceTree = "<group>"; };
		B4FEAE431D650D8800B0CF92 /* ofxTLBangs.h */ = {isa = PBXFileReference; lastKnownFileType = sourcecode.c.h; path = ofxTLBangs.h; sourceTree = "<group>"; };
		B4FEAE441D650D8800B0CF92 /* ofxTLCameraTrack.cpp */ = {isa = PBXFileReference; lastKnownFileType = sourcecode.cpp.cpp; path = ofxTLCameraTrack.cpp; sourceTree = "<group>"; };
		B4FEAE451D650D8800B0CF92 /* ofxTLCameraTrack.h */ = {isa = PBXFileReference; lastKnownFileType = sourcecode.c.h; path = ofxTLCameraTrack.h; sourceTree = "<group>"; };
		B4FEAE461D650D8800B0CF92 /* ofxTLColors.cpp */ = {isa = PBXFileReference; lastKnownFileType = sourcecode.cpp.cpp; path = ofxTLColors.cpp; sourceTree = "<group>"; };
		B4FEAE471D650D8800B0CF92 /* ofxTLColors.h */ = {isa = PBXFileReference; lastKnownFileType = sourcecode.c.h; path = ofxTLColors.h; sourceTree = "<group>"; };
		B4FEAE481D650D8800B0CF92 /* ofxTLColorTrack.cpp */ = {isa = PBXFileReference; lastKnownFileType = sourcecode.cpp.cpp; path = ofxTLColorTrack.cpp; sourceTree = "<group>"; };
		B4FEAE491D650D8800B0CF92 /* ofxTLColorTrack.h */ = {isa = PBXFileReference; lastKnownFileType = sourcecode.c.h; path = ofxTLColorTrack.h; sourceTree = "<group>"; };
		B4FEAE4A1D650D8800B0CF92 /* ofxTLCurves.cpp */ = {isa = PBXFileReference; lastKnownFileType = sourcecode.cpp.cpp; path = ofxTLCurves.cpp; sourceTree = "<group>"; };
		B4FEAE4B1D650D8800B0CF92 /* ofxTLCurves.h */ = {isa = PBXFileReference; lastKnownFileType = sourcecode.c.h; path = ofxTLCurves.h; sourceTree = "<group>"; };
		B4FEAE4C1D650D8800B0CF92 /* ofxTLEmptyKeyframes.cpp */ = {isa = PBXFileReference; lastKnownFileType = sourcecode.cpp.cpp; path = ofxTLEmptyKeyframes.cpp; sourceTree = "<group>"; };
		B4FEAE4D1D650D8800B0CF92 /* ofxTLEmptyKeyframes.h */ = {isa = PBXFileReference; lastKnownFileType = sourcecode.c.h; path = ofxTLEmptyKeyframes.h; sourceTree = "<group>"; };
		B4FEAE4E1D650D8800B0CF92 /* ofxTLEmptyTrack.cpp */ = {isa = PBXFileReference; lastKnownFileType = sourcecode.cpp.cpp; path = ofxTLEmptyTrack.cpp; sourceTree = "<group>"; };
		B4FEAE4F1D650D8800B0CF92 /* ofxTLEmptyTrack.h */ = {isa = PBXFileReference; lastKnownFileType = sourcecode.c.h; path = ofxTLEmptyTrack.h; sourceTree = "<group>"; };
		B4FEAE501D650D8800B0CF92 /* ofxTLEvents.h */ = {isa = PBXFileReference; lastKnownFileType = sourcecode.c.h; path = ofxTLEvents.h; sourceTree = "<group>"; };
		B4FEAE511D650D8800B0CF92 /* ofxTLFlags.cpp */ = {isa = PBXFileReference; lastKnownFileType = sourcecode.cpp.cpp; path = ofxTLFlags.cpp; sourceTree = "<group>"; };
		B4FEAE521D650D8800B0CF92 /* ofxTLFlags.h */ = {isa = PBXFileReference; lastKnownFileType = sourcecode.c.h; path = ofxTLFlags.h; sourceTree = "<group>"; };
		B4FEAE531D650D8800B0CF92 /* ofxTLImageSequence.cpp */ = {isa = PBXFileReference; lastKnownFileType = sourcecode.cpp.cpp; path = ofxTLImageSequence.cpp; sourceTree = "<group>"; };
		B4FEAE541D650D8800B0CF92 /* ofxTLImageSequence.h */ = {isa = PBXFileReference; lastKnownFileType = sourcecode.c.h; path = ofxTLImageSequence.h; sourceTree = "<group>"; };
		B4FEAE551D650D8800B0CF92 /* ofxTLImageSequenceFrame.cpp */ = {isa = PBXFileReference; lastKnownFileType = sourcecode.cpp.cpp; path = ofxTLImageSequenceFrame.cpp; sourceTree = "<group>"; };
		B4FEAE561D650D8800B0CF92 /* ofxTLImageSequenceFrame.h */ = {isa = PBXFileReference; lastKnownFileType = sourcecode.c.h; path = ofxTLImageSequenceFrame.h; sourceTree = "<group>"; };
		B4FEAE571D650D8800B0CF92 /* ofxTLImageTrack.cpp */ = {isa = PBXFileReference; lastKnownFileType = sourcecode.cpp.cpp; path = ofxTLImageTrack.cpp; sourceTree = "<group>"; };
		B4FEAE581D650D8800B0CF92 /* ofxTLImageTrack.h */ = {isa = PBXFileReference; lastKnownFileType = sourcecode.c.h; path = ofxTLImageTrack.h; sourceTree = "<group>"; };
		B4FEAE591D650D8800B0CF92 /* ofxTLInOut.cpp */ = {isa = PBXFileReference; lastKnownFileType = sourcecode.cpp.cpp; path = ofxTLInOut.cpp; sourceTree = "<group>"; };
		B4FEAE5A1D650D8800B0CF92 /* ofxTLInOut.h */ = {isa = PBXFileReference; lastKnownFileType = sourcecode.c.h; path = ofxTLInOut.h; sourceTree = "<group>"; };
		B4FEAE5B1D650D8800B0CF92 /* ofxTLKeyframes.cpp */ = {isa = PBXFileReference; lastKnownFileType = sourcecode.cpp.cpp; path = ofxTLKeyframes.cpp; sourceTree = "<group>"; };
		B4FEAE5C1D650D8800B0CF92 /* ofxTLKeyframes.h */ = {isa = PBXFileReference; lastKnownFileType = sourcecode.c.h; path = ofxTLKeyframes.h; sourceTree = "<group>"; };
		B4FEAE5D1D650D8800B0CF92 /* ofxTLLFO.cpp */ = {isa = PBXFileReference; lastKnownFileType = sourcecode.cpp.cpp; path = ofxTLLFO.cpp; sourceTree = "<group>"; };
		B4FEAE5E1D650D8800B0CF92 /* ofxTLLFO.h */ = {isa = PBXFileReference; lastKnownFileType = sourcecode.c.h; path = ofxTLLFO.h; sourceTree = "<group>"; };
		B4FEAE5F1D650D8800B0CF92 /* ofxTLPage.cpp */ = {isa = PBXFileReference; lastKnownFileType = sourcecode.cpp.cpp; path = ofxTLPage.cpp; sourceTree = "<group>"; };
		B4FEAE601D650D8800B0CF92 /* ofxTLPage.h */ = {isa = PBXFileReference; lastKnownFileType = sourcecode.c.h; path = ofxTLPage.h; sourceTree = "<group>"; };
		B4FEAE611D650D8800B0CF92 /* ofxTLPageTabs.cpp */ = {isa = PBXFileReference; lastKnownFileType = sourcecode.cpp.cpp; path = ofxTLPageTabs.cpp; sourceTree = "<group>"; };
		B4FEAE621D650D8800B0CF92 /* ofxTLPageTabs.h */ = {isa = PBXFileReference; lastKnownFileType = sourcecode.c.h; path = ofxTLPageTabs.h; sourceTree = "<group>"; };
		B4FEAE631D650D8800B0CF92 /* ofxTLSwitches.cpp */ = {isa = PBXFileReference; lastKnownFileType = sourcecode.cpp.cpp; path = ofxTLSwitches.cpp; sourceTree = "<group>"; };
		B4FEAE641D650D8800B0CF92 /* ofxTLSwitches.h */ = {isa = PBXFileReference; lastKnownFileType = sourcecode.c.h; path = ofxTLSwitches.h; sourceTree = "<group>"; };
		B4FEAE651D650D8800B0CF92 /* ofxTLTicker.cpp */ = {isa = PBXFileReference; lastKnownFileType = sourcecode.cpp.cpp; path = ofxTLTicker.cpp; sourceTree = "<group>"; };
		B4FEAE661D650D8800B0CF92 /* ofxTLTicker.h */ = {isa = PBXFileReference; lastKnownFileType = sourcecode.c.h; path = ofxTLTicker.h; sourceTree = "<group>"; };
		B4FEAE671D650D8800B0CF92 /* ofxTLTrack.cpp */ = {isa = PBXFileReference; lastKnownFileType = sourcecode.cpp.cpp; path = ofxTLTrack.cpp; sourceTree = "<group>"; };
		B4FEAE681D650D8800B0CF92 /* ofxTLTrack.h */ = {isa = PBXFileReference; lastKnownFileType = sourcecode.c.h; path = ofxTLTrack.h; sourceTree = "<group>"; };
		B4FEAE691D650D8800B0CF92 /* ofxTLTrackHeader.cpp */ = {isa = PBXFileReference; lastKnownFileType = sourcecode.cpp.cpp; path = ofxTLTrackHeader.cpp; sourceTree = "<group>"; };
		B4FEAE6A1D650D8800B0CF92 /* ofxTLTrackHeader.h */ = {isa = PBXFileReference; lastKnownFileType = sourcecode.c.h; path = ofxTLTrackHeader.h; sourceTree = "<group>"; };
		B4FEAE6B1D650D8800B0CF92 /* ofxTLVideoThumb.cpp */ = {isa = PBXFileReference; lastKnownFileType = sourcecode.cpp.cpp; path = ofxTLVideoThumb.cpp; sourceTree = "<group>"; };
		B4FEAE6C1D650D8800B0CF92 /* ofxTLVideoThumb.h */ = {isa = PBXFileReference; lastKnownFileType = sourcecode.c.h; path = ofxTLVideoThumb.h; sourceTree = "<group>"; };
		B4FEAE6D1D650D8800B0CF92 /* ofxTLVideoTrack.cpp */ = {isa = PBXFileReference; lastKnownFileType = sourcecode.cpp.cpp; path = ofxTLVideoTrack.cpp; sourceTree = "<group>"; };
		B4FEAE6E1D650D8800B0CF92 /* ofxTLVideoTrack.h */ = {isa = PBXFileReference; lastKnownFileType = sourcecode.c.h; path = ofxTLVideoTrack.h; sourceTree = "<group>"; };
		B4FEAE6F1D650D8800B0CF92 /* ofxTLZoomer.cpp */ = {isa = PBXFileReference; lastKnownFileType = sourcecode.cpp.cpp; path = ofxTLZoomer.cpp; sourceTree = "<group>"; };
		B4FEAE701D650D8800B0CF92 /* ofxTLZoomer.h */ = {isa = PBXFileReference; lastKnownFileType = sourcecode.c.h; path = ofxTLZoomer.h; sourceTree = "<group>"; };
		B4FEAE741D650D8800B0CF92 /* kiss_fft.h */ = {isa = PBXFileReference; lastKnownFileType = sourcecode.c.h; path = kiss_fft.h; sourceTree = "<group>"; };
		B4FEAE751D650D8800B0CF92 /* kiss_fftr.h */ = {isa = PBXFileReference; lastKnownFileType = sourcecode.c.h; path = kiss_fftr.h; sourceTree = "<group>"; };
		B4FEAE771D650D8800B0CF92 /* _kiss_fft_guts.h */ = {isa = PBXFileReference; lastKnownFileType = sourcecode.c.h; path = _kiss_fft_guts.h; sourceTree = "<group>"; };
		B4FEAE781D650D8800B0CF92 /* kiss_fft.c */ = {isa = PBXFileReference; lastKnownFileType = sourcecode.c.c; path = kiss_fft.c; sourceTree = "<group>"; };
		B4FEAE791D650D8800B0CF92 /* kiss_fftr.c */ = {isa = PBXFileReference; lastKnownFileType = sourcecode.c.c; path = kiss_fftr.c; sourceTree = "<group>"; };
		B4FEAE7C1D650D8800B0CF92 /* ofOpenALSoundPlayer_TimelineAdditions.cpp */ = {isa = PBXFileReference; lastKnownFileType = sourcecode.cpp.cpp; path = ofOpenALSoundPlayer_TimelineAdditions.cpp; sourceTree = "<group>"; };
		B4FEAE7D1D650D8800B0CF92 /* ofOpenALSoundPlayer_TimelineAdditions.h */ = {isa = PBXFileReference; lastKnownFileType = sourcecode.c.h; path = ofOpenALSoundPlayer_TimelineAdditions.h; sourceTree = "<group>"; };
		B4FEAE821D650D8800B0CF92 /* OpenAL32.dll */ = {isa = PBXFileReference; lastKnownFileType = file; path = OpenAL32.dll; sourceTree = "<group>"; };
		B4FEAE831D650D8800B0CF92 /* soft_oal.dll */ = {isa = PBXFileReference; lastKnownFileType = file; path = soft_oal.dll; sourceTree = "<group>"; };
		B4FEAE851D650D8800B0CF92 /* OpenAL32.dll */ = {isa = PBXFileReference; lastKnownFileType = file; path = OpenAL32.dll; sourceTree = "<group>"; };
		B4FEAE861D650D8800B0CF92 /* soft_oal.dll */ = {isa = PBXFileReference; lastKnownFileType = file; path = soft_oal.dll; sourceTree = "<group>"; };
		B4FEAE891D650D8800B0CF92 /* al.h */ = {isa = PBXFileReference; lastKnownFileType = sourcecode.c.h; path = al.h; sourceTree = "<group>"; };
		B4FEAE8A1D650D8800B0CF92 /* alc.h */ = {isa = PBXFileReference; lastKnownFileType = sourcecode.c.h; path = alc.h; sourceTree = "<group>"; };
		B4FEAE8B1D650D8800B0CF92 /* alext.h */ = {isa = PBXFileReference; lastKnownFileType = sourcecode.c.h; path = alext.h; sourceTree = "<group>"; };
		B4FEAE8C1D650D8800B0CF92 /* efx-creative.h */ = {isa = PBXFileReference; lastKnownFileType = sourcecode.c.h; path = "efx-creative.h"; sourceTree = "<group>"; };
		B4FEAE8D1D650D8800B0CF92 /* efx-presets.h */ = {isa = PBXFileReference; lastKnownFileType = sourcecode.c.h; path = "efx-presets.h"; sourceTree = "<group>"; };
		B4FEAE8E1D650D8800B0CF92 /* efx.h */ = {isa = PBXFileReference; lastKnownFileType = sourcecode.c.h; path = efx.h; sourceTree = "<group>"; };
		B4FEAE911D650D8800B0CF92 /* libsndfile.a */ = {isa = PBXFileReference; lastKnownFileType = archive.ar; path = libsndfile.a; sourceTree = "<group>"; };
		B4FEAE9B1D650D8800B0CF92 /* libsndfile-1.dll */ = {isa = PBXFileReference; lastKnownFileType = file; path = "libsndfile-1.dll"; sourceTree = "<group>"; };
		B4FEAE9D1D650D8800B0CF92 /* libsndfile-1.dll */ = {isa = PBXFileReference; lastKnownFileType = file; path = "libsndfile-1.dll"; sourceTree = "<group>"; };
		B4FEAE9F1D650D8800B0CF92 /* sndfile.h */ = {isa = PBXFileReference; lastKnownFileType = sourcecode.c.h; path = sndfile.h; sourceTree = "<group>"; };
		B4FEAEA01D650D8800B0CF92 /* sndfile.hh */ = {isa = PBXFileReference; lastKnownFileType = sourcecode.cpp.h; path = sndfile.hh; sourceTree = "<group>"; };
		B4FEAEA31D650D8800B0CF92 /* libsndfile.a */ = {isa = PBXFileReference; lastKnownFileType = archive.ar; path = libsndfile.a; sourceTree = "<group>"; };
		B4FEAECA1D650D8800B0CF92 /* ofxXmlSettings.cpp */ = {isa = PBXFileReference; lastKnownFileType = sourcecode.cpp.cpp; path = ofxXmlSettings.cpp; sourceTree = "<group>"; };
		B4FEAECB1D650D8800B0CF92 /* ofxXmlSettings.h */ = {isa = PBXFileReference; lastKnownFileType = sourcecode.c.h; path = ofxXmlSettings.h; sourceTree = "<group>"; };
		B4FEAECD1D650D8800B0CF92 /* tinyxml.cpp */ = {isa = PBXFileReference; lastKnownFileType = sourcecode.cpp.cpp; path = tinyxml.cpp; sourceTree = "<group>"; };
		B4FEAECE1D650D8800B0CF92 /* tinyxml.h */ = {isa = PBXFileReference; lastKnownFileType = sourcecode.c.h; path = tinyxml.h; sourceTree = "<group>"; };
		B4FEAECF1D650D8800B0CF92 /* tinyxmlerror.cpp */ = {isa = PBXFileReference; lastKnownFileType = sourcecode.cpp.cpp; path = tinyxmlerror.cpp; sourceTree = "<group>"; };
		B4FEAED01D650D8800B0CF92 /* tinyxmlparser.cpp */ = {isa = PBXFileReference; lastKnownFileType = sourcecode.cpp.cpp; path = tinyxmlparser.cpp; sourceTree = "<group>"; };
		B4FEAED81D650D8800B0CF92 /* easing_terms_of_use.html */ = {isa = PBXFileReference; lastKnownFileType = text.html; path = easing_terms_of_use.html; sourceTree = "<group>"; };
		B4FEAED91D650D8800B0CF92 /* ofxEasing.cpp */ = {isa = PBXFileReference; lastKnownFileType = sourcecode.cpp.cpp; path = ofxEasing.cpp; sourceTree = "<group>"; };
		B4FEAEDA1D650D8800B0CF92 /* ofxEasing.h */ = {isa = PBXFileReference; lastKnownFileType = sourcecode.c.h; path = ofxEasing.h; sourceTree = "<group>"; };
		B4FEAEDB1D650D8800B0CF92 /* ofxEasingBack.cpp */ = {isa = PBXFileReference; lastKnownFileType = sourcecode.cpp.cpp; path = ofxEasingBack.cpp; sourceTree = "<group>"; };
		B4FEAEDC1D650D8800B0CF92 /* ofxEasingBack.h */ = {isa = PBXFileReference; lastKnownFileType = sourcecode.c.h; path = ofxEasingBack.h; sourceTree = "<group>"; };
		B4FEAEDD1D650D8800B0CF92 /* ofxEasingBounce.cpp */ = {isa = PBXFileReference; lastKnownFileType = sourcecode.cpp.cpp; path = ofxEasingBounce.cpp; sourceTree = "<group>"; };
		B4FEAEDE1D650D8800B0CF92 /* ofxEasingBounce.h */ = {isa = PBXFileReference; lastKnownFileType = sourcecode.c.h; path = ofxEasingBounce.h; sourceTree = "<group>"; };
		B4FEAEDF1D650D8800B0CF92 /* ofxEasingCirc.cpp */ = {isa = PBXFileReference; lastKnownFileType = sourcecode.cpp.cpp; path = ofxEasingCirc.cpp; sourceTree = "<group>"; };
		B4FEAEE01D650D8800B0CF92 /* ofxEasingCirc.h */ = {isa = PBXFileReference; lastKnownFileType = sourcecode.c.h; path = ofxEasingCirc.h; sourceTree = "<group>"; };
		B4FEAEE11D650D8800B0CF92 /* ofxEasingCubic.cpp */ = {isa = PBXFileReference; lastKnownFileType = sourcecode.cpp.cpp; path = ofxEasingCubic.cpp; sourceTree = "<group>"; };
		B4FEAEE21D650D8800B0CF92 /* ofxEasingCubic.h */ = {isa = PBXFileReference; lastKnownFileType = sourcecode.c.h; path = ofxEasingCubic.h; sourceTree = "<group>"; };
		B4FEAEE31D650D8800B0CF92 /* ofxEasingElastic.cpp */ = {isa = PBXFileReference; lastKnownFileType = sourcecode.cpp.cpp; path = ofxEasingElastic.cpp; sourceTree = "<group>"; };
		B4FEAEE41D650D8800B0CF92 /* ofxEasingElastic.h */ = {isa = PBXFileReference; lastKnownFileType = sourcecode.c.h; path = ofxEasingElastic.h; sourceTree = "<group>"; };
		B4FEAEE51D650D8800B0CF92 /* ofxEasingExpo.cpp */ = {isa = PBXFileReference; lastKnownFileType = sourcecode.cpp.cpp; path = ofxEasingExpo.cpp; sourceTree = "<group>"; };
		B4FEAEE61D650D8800B0CF92 /* ofxEasingExpo.h */ = {isa = PBXFileReference; lastKnownFileType = sourcecode.c.h; path = ofxEasingExpo.h; sourceTree = "<group>"; };
		B4FEAEE71D650D8800B0CF92 /* ofxEasingLinear.cpp */ = {isa = PBXFileReference; lastKnownFileType = sourcecode.cpp.cpp; path = ofxEasingLinear.cpp; sourceTree = "<group>"; };
		B4FEAEE81D650D8800B0CF92 /* ofxEasingLinear.h */ = {isa = PBXFileReference; lastKnownFileType = sourcecode.c.h; path = ofxEasingLinear.h; sourceTree = "<group>"; };
		B4FEAEE91D650D8800B0CF92 /* ofxEasingQuad.cpp */ = {isa = PBXFileReference; lastKnownFileType = sourcecode.cpp.cpp; path = ofxEasingQuad.cpp; sourceTree = "<group>"; };
		B4FEAEEA1D650D8800B0CF92 /* ofxEasingQuad.h */ = {isa = PBXFileReference; lastKnownFileType = sourcecode.c.h; path = ofxEasingQuad.h; sourceTree = "<group>"; };
		B4FEAEEB1D650D8800B0CF92 /* ofxEasingQuart.cpp */ = {isa = PBXFileReference; lastKnownFileType = sourcecode.cpp.cpp; path = ofxEasingQuart.cpp; sourceTree = "<group>"; };
		B4FEAEEC1D650D8800B0CF92 /* ofxEasingQuart.h */ = {isa = PBXFileReference; lastKnownFileType = sourcecode.c.h; path = ofxEasingQuart.h; sourceTree = "<group>"; };
		B4FEAEED1D650D8800B0CF92 /* ofxEasingQuint.cpp */ = {isa = PBXFileReference; lastKnownFileType = sourcecode.cpp.cpp; path = ofxEasingQuint.cpp; sourceTree = "<group>"; };
		B4FEAEEE1D650D8800B0CF92 /* ofxEasingQuint.h */ = {isa = PBXFileReference; lastKnownFileType = sourcecode.c.h; path = ofxEasingQuint.h; sourceTree = "<group>"; };
		B4FEAEEF1D650D8800B0CF92 /* ofxEasingSine.cpp */ = {isa = PBXFileReference; lastKnownFileType = sourcecode.cpp.cpp; path = ofxEasingSine.cpp; sourceTree = "<group>"; };
		B4FEAEF01D650D8800B0CF92 /* ofxEasingSine.h */ = {isa = PBXFileReference; lastKnownFileType = sourcecode.c.h; path = ofxEasingSine.h; sourceTree = "<group>"; };
		B4FEAEF11D650D8800B0CF92 /* ofxTween.cpp */ = {isa = PBXFileReference; lastKnownFileType = sourcecode.cpp.cpp; path = ofxTween.cpp; sourceTree = "<group>"; };
		B4FEAEF21D650D8800B0CF92 /* ofxTween.h */ = {isa = PBXFileReference; lastKnownFileType = sourcecode.c.h; path = ofxTween.h; sourceTree = "<group>"; };
		B4FEAF021D650D8800B0CF92 /* ofRange.h */ = {isa = PBXFileReference; lastKnownFileType = sourcecode.c.h; path = ofRange.h; sourceTree = "<group>"; };
		B4FEAF051D650D8800B0CF92 /* ofxMSATimer.cpp */ = {isa = PBXFileReference; lastKnownFileType = sourcecode.cpp.cpp; path = ofxMSATimer.cpp; sourceTree = "<group>"; };
		B4FEAF061D650D8800B0CF92 /* ofxMSATimer.h */ = {isa = PBXFileReference; lastKnownFileType = sourcecode.c.h; path = ofxMSATimer.h; sourceTree = "<group>"; };
		B4FEAF0A1D650D8800B0CF92 /* ofxTimecode.cpp */ = {isa = PBXFileReference; lastKnownFileType = sourcecode.cpp.cpp; path = ofxTimecode.cpp; sourceTree = "<group>"; };
		B4FEAF0B1D650D8800B0CF92 /* ofxTimecode.h */ = {isa = PBXFileReference; lastKnownFileType = sourcecode.c.h; path = ofxTimecode.h; sourceTree = "<group>"; };
		B4FEAF0F1D650D8800B0CF92 /* ofxTextInputField.cpp */ = {isa = PBXFileReference; lastKnownFileType = sourcecode.cpp.cpp; path = ofxTextInputField.cpp; sourceTree = "<group>"; };
		B4FEAF101D650D8800B0CF92 /* ofxTextInputField.h */ = {isa = PBXFileReference; lastKnownFileType = sourcecode.c.h; path = ofxTextInputField.h; sourceTree = "<group>"; };
		B4FEAF111D650D8800B0CF92 /* ofxTextInputFieldFontRenderer.h */ = {isa = PBXFileReference; lastKnownFileType = sourcecode.c.h; path = ofxTextInputFieldFontRenderer.h; sourceTree = "<group>"; };
		E4328143138ABC890047C5CB /* openFrameworksLib.xcodeproj */ = {isa = PBXFileReference; lastKnownFileType = "wrapper.pb-project"; name = openFrameworksLib.xcodeproj; path = ../../../libs/openFrameworksCompiled/project/osx/openFrameworksLib.xcodeproj; sourceTree = SOURCE_ROOT; };
		E4B69B5B0A3A1756003C02F2 /* example-audioSequencerDebug.app */ = {isa = PBXFileReference; explicitFileType = wrapper.application; includeInIndex = 0; path = "example-audioSequencerDebug.app"; sourceTree = BUILT_PRODUCTS_DIR; };
		E4B69E1D0A3A1BDC003C02F2 /* main.cpp */ = {isa = PBXFileReference; fileEncoding = 30; lastKnownFileType = sourcecode.cpp.cpp; name = main.cpp; path = src/main.cpp; sourceTree = SOURCE_ROOT; };
		E4B69E1E0A3A1BDC003C02F2 /* ofApp.cpp */ = {isa = PBXFileReference; explicitFileType = sourcecode.cpp.cpp; fileEncoding = 30; name = ofApp.cpp; path = src/ofApp.cpp; sourceTree = SOURCE_ROOT; };
		E4B69E1F0A3A1BDC003C02F2 /* ofApp.h */ = {isa = PBXFileReference; fileEncoding = 30; lastKnownFileType = sourcecode.c.h; name = ofApp.h; path = src/ofApp.h; sourceTree = SOURCE_ROOT; };
		E4B6FCAD0C3E899E008CF71C /* openFrameworks-Info.plist */ = {isa = PBXFileReference; fileEncoding = 30; lastKnownFileType = text.plist.xml; path = "openFrameworks-Info.plist"; sourceTree = "<group>"; };
		E4EB691F138AFCF100A09F29 /* CoreOF.xcconfig */ = {isa = PBXFileReference; fileEncoding = 4; lastKnownFileType = text.xcconfig; name = CoreOF.xcconfig; path = ../../../libs/openFrameworksCompiled/project/osx/CoreOF.xcconfig; sourceTree = SOURCE_ROOT; };
		E4EB6923138AFD0F00A09F29 /* Project.xcconfig */ = {isa = PBXFileReference; fileEncoding = 4; lastKnownFileType = text.xcconfig; path = Project.xcconfig; sourceTree = "<group>"; };
/* End PBXFileReference section */

/* Begin PBXFrameworksBuildPhase section */
		E4B69B590A3A1756003C02F2 /* Frameworks */ = {
			isa = PBXFrameworksBuildPhase;
			buildActionMask = 2147483647;
			files = (
				B4FEAEC71D650D8800B0CF92 /* libsndfile.a in Frameworks */,
				B40B87321D650A48004944AA /* CoreMIDI.framework in Frameworks */,
				B40B87341D650A48004944AA /* AudioUnit.framework in Frameworks */,
				B40B87331D650A48004944AA /* CoreAudioKit.framework in Frameworks */,
				B4FEAEC61D650D8800B0CF92 /* libsndfile.a in Frameworks */,
				E4328149138ABC9F0047C5CB /* openFrameworksDebug.a in Frameworks */,
				B40B87901D650A56004944AA /* CoreMIDI.framework in Frameworks */,
			);
			runOnlyForDeploymentPostprocessing = 0;
		};
/* End PBXFrameworksBuildPhase section */

/* Begin PBXGroup section */
		6948EE371B920CB800B5AC1A /* local_addons */ = {
			isa = PBXGroup;
			children = (
			);
			name = local_addons;
			sourceTree = "<group>";
		};
		B40B86EA1D650A48004944AA /* ofxAudioUnit */ = {
			isa = PBXGroup;
			children = (
				B40B86EB1D650A48004944AA /* src */,
				B40B871A1D650A48004944AA /* CoreMIDI.framework */,
				B40B871B1D650A48004944AA /* CoreAudioKit.framework */,
				B40B871C1D650A48004944AA /* AudioUnit.framework */,
			);
			name = ofxAudioUnit;
			sourceTree = "<group>";
		};
		B40B86EB1D650A48004944AA /* src */ = {
			isa = PBXGroup;
			children = (
				B40B86EC1D650A48004944AA /* CAPublicUtility */,
				B40B86F41D650A48004944AA /* ofxAudioUnit.cpp */,
				B40B86F51D650A48004944AA /* ofxAudioUnit.h */,
				B40B86F61D650A48004944AA /* ofxAudioUnitBase.h */,
				B40B86F71D650A48004944AA /* ofxAudioUnitCocoaUtilties.mm */,
				B40B86F81D650A48004944AA /* ofxAudioUnitDSPNode.cpp */,
				B40B86F91D650A48004944AA /* ofxAudioUnitDSPNode.h */,
				B40B86FA1D650A48004944AA /* ofxAudioUnitFftNode.cpp */,
				B40B86FB1D650A48004944AA /* ofxAudioUnitFftNode.h */,
				B40B86FC1D650A48004944AA /* ofxAudioUnitFilePlayer.cpp */,
				B40B86FD1D650A48004944AA /* ofxAudioUnitFilePlayer.h */,
				B40B86FE1D650A48004944AA /* ofxAudioUnitHardwareUtils.cpp */,
				B40B86FF1D650A48004944AA /* ofxAudioUnitHardwareUtils.h */,
				B40B87001D650A48004944AA /* ofxAudioUnitInput.cpp */,
				B40B87011D650A48004944AA /* ofxAudioUnitInput.h */,
				B40B87021D650A48004944AA /* ofxAudioUnitMatrixMixer.cpp */,
				B40B87031D650A48004944AA /* ofxAudioUnitMatrixMixer.h */,
				B40B87041D650A48004944AA /* ofxAudioUnitMidi.cpp */,
				B40B87051D650A48004944AA /* ofxAudioUnitMidi.h */,
				B40B87061D650A48004944AA /* ofxAudioUnitMixer.cpp */,
				B40B87071D650A48004944AA /* ofxAudioUnitMixer.h */,
				B40B87081D650A48004944AA /* ofxAudioUnitNetReceive.cpp */,
				B40B87091D650A48004944AA /* ofxAudioUnitNetReceive.h */,
				B40B870A1D650A48004944AA /* ofxAudioUnitNetSend.cpp */,
				B40B870B1D650A48004944AA /* ofxAudioUnitNetSend.h */,
				B40B870C1D650A48004944AA /* ofxAudioUnitOutput.cpp */,
				B40B870D1D650A48004944AA /* ofxAudioUnitOutput.h */,
				B40B870E1D650A48004944AA /* ofxAudioUnitRecorder.cpp */,
				B40B870F1D650A48004944AA /* ofxAudioUnitRecorder.h */,
				B40B87101D650A48004944AA /* ofxAudioUnitSampler.cpp */,
				B40B87111D650A48004944AA /* ofxAudioUnitSampler.h */,
				B40B87121D650A48004944AA /* ofxAudioUnitSpeechSynth.cpp */,
				B40B87131D650A48004944AA /* ofxAudioUnitSpeechSynth.h */,
				B40B87141D650A48004944AA /* ofxAudioUnitTap.cpp */,
				B40B87151D650A48004944AA /* ofxAudioUnitTap.h */,
				B40B87161D650A48004944AA /* ofxAudioUnitUtils.h */,
				B40B87171D650A48004944AA /* TPCircularBuffer */,
			);
			name = src;
			path = ../../ofxAudioUnit/src;
			sourceTree = "<group>";
		};
		B40B86EC1D650A48004944AA /* CAPublicUtility */ = {
			isa = PBXGroup;
			children = (
				B40B86ED1D650A48004944AA /* AUParamInfo.cpp */,
				B40B86EE1D650A48004944AA /* AUParamInfo.h */,
				B40B86EF1D650A48004944AA /* CAAUParameter.cpp */,
				B40B86F01D650A48004944AA /* CAAUParameter.h */,
				B40B86F11D650A48004944AA /* CADebugMacros.cpp */,
				B40B86F21D650A48004944AA /* CADebugMacros.h */,
				B40B86F31D650A48004944AA /* CAXException.h */,
			);
			path = CAPublicUtility;
			sourceTree = "<group>";
		};
		B40B87171D650A48004944AA /* TPCircularBuffer */ = {
			isa = PBXGroup;
			children = (
				B40B87181D650A48004944AA /* TPCircularBuffer.c */,
				B40B87191D650A48004944AA /* TPCircularBuffer.h */,
			);
			path = TPCircularBuffer;
			sourceTree = "<group>";
		};
		B40B87351D650A4B004944AA /* ofxAudioUnitManager */ = {
			isa = PBXGroup;
			children = (
				B40B87361D650A4B004944AA /* src */,
			);
			name = ofxAudioUnitManager;
			sourceTree = "<group>";
		};
		B40B87361D650A4B004944AA /* src */ = {
			isa = PBXGroup;
			children = (
				B40B87371D650A4B004944AA /* AudioUnits */,
				B40B873E1D650A4B004944AA /* Handlers */,
				B40B87451D650A4B004944AA /* ofxAudioUnitManager.cpp */,
				B40B87461D650A4B004944AA /* ofxAudioUnitManager.h */,
				B40B87471D650A4B004944AA /* ofxAudioUnitManagerUtils.cpp */,
				B40B87481D650A4B004944AA /* ofxAudioUnitManagerUtils.h */,
				B40B87491D650A4B004944AA /* Params */,
			);
			name = src;
			path = ../../ofxAudioUnitManager/src;
			sourceTree = "<group>";
		};
		B40B87371D650A4B004944AA /* AudioUnits */ = {
			isa = PBXGroup;
			children = (
				B40B87381D650A4B004944AA /* ofxAudioUnitChain.cpp */,
				B40B87391D650A4B004944AA /* ofxAudioUnitChain.h */,
				B40B873A1D650A4B004944AA /* ofxManagedAudioUnit.cpp */,
				B40B873B1D650A4B004944AA /* ofxManagedAudioUnit.h */,
				B40B873C1D650A4B004944AA /* ofxManagedAudioUnitMixer.cpp */,
				B40B873D1D650A4B004944AA /* ofxManagedAudioUnitMixer.h */,
			);
			path = AudioUnits;
			sourceTree = "<group>";
		};
		B40B873E1D650A4B004944AA /* Handlers */ = {
			isa = PBXGroup;
			children = (
				B40B873F1D650A4B004944AA /* MidiHandler.cpp */,
				B40B87401D650A4B004944AA /* MidiHandler.h */,
				B40B87411D650A4B004944AA /* PresetsHandler.cpp */,
				B40B87421D650A4B004944AA /* PresetsHandler.h */,
				B40B87431D650A4B004944AA /* UIHandler.cpp */,
				B40B87441D650A4B004944AA /* UIHandler.h */,
			);
			path = Handlers;
			sourceTree = "<group>";
		};
		B40B87491D650A4B004944AA /* Params */ = {
			isa = PBXGroup;
			children = (
				B40B874A1D650A4B004944AA /* Massive_Params.h */,
				B40B874B1D650A4B004944AA /* ofxAudioUnitParams.h */,
				B40B874C1D650A4B004944AA /* TALNoiseMaker_Params.h */,
			);
			path = Params;
			sourceTree = "<group>";
		};
		B40B87551D650A4E004944AA /* ofxBpm */ = {
			isa = PBXGroup;
			children = (
				B40B87561D650A4E004944AA /* src */,
			);
			name = ofxBpm;
			sourceTree = "<group>";
		};
		B40B87561D650A4E004944AA /* src */ = {
			isa = PBXGroup;
			children = (
				B40B87571D650A4E004944AA /* ofxBpm.cpp */,
				B40B87581D650A4E004944AA /* ofxBpm.h */,
			);
			name = src;
			path = ../../ofxBpm/src;
			sourceTree = "<group>";
		};
		B40B875A1D650A56004944AA /* ofxMidi */ = {
			isa = PBXGroup;
			children = (
				B40B875B1D650A56004944AA /* src */,
				B40B87781D650A56004944AA /* libs */,
				B40B87871D650A56004944AA /* CoreMIDI.framework */,
			);
			name = ofxMidi;
			sourceTree = "<group>";
		};
		B40B875B1D650A56004944AA /* src */ = {
			isa = PBXGroup;
			children = (
				B40B875C1D650A56004944AA /* desktop */,
				B40B876C1D650A56004944AA /* ofxBaseMidi.cpp */,
				B40B876D1D650A56004944AA /* ofxBaseMidi.h */,
				B40B876E1D650A56004944AA /* ofxMidi.cpp */,
				B40B876F1D650A56004944AA /* ofxMidi.h */,
				B40B87701D650A56004944AA /* ofxMidiConstants.h */,
				B40B87711D650A56004944AA /* ofxMidiIn.cpp */,
				B40B87721D650A56004944AA /* ofxMidiIn.h */,
				B40B87731D650A56004944AA /* ofxMidiMessage.cpp */,
				B40B87741D650A56004944AA /* ofxMidiMessage.h */,
				B40B87751D650A56004944AA /* ofxMidiOut.cpp */,
				B40B87761D650A56004944AA /* ofxMidiOut.h */,
				B40B87771D650A56004944AA /* ofxMidiTypes.h */,
			);
			name = src;
			path = ../../ofxMidi/src;
			sourceTree = "<group>";
		};
		B40B875C1D650A56004944AA /* desktop */ = {
			isa = PBXGroup;
			children = (
				B40B875D1D650A56004944AA /* ofxRtMidiIn.cpp */,
				B40B875E1D650A56004944AA /* ofxRtMidiIn.h */,
				B40B875F1D650A56004944AA /* ofxRtMidiOut.cpp */,
				B40B87601D650A56004944AA /* ofxRtMidiOut.h */,
			);
			path = desktop;
			sourceTree = "<group>";
		};
		B40B87781D650A56004944AA /* libs */ = {
			isa = PBXGroup;
			children = (
				B40B87831D650A56004944AA /* rtmidi */,
			);
			name = libs;
			path = ../../ofxMidi/libs;
			sourceTree = "<group>";
		};
		B40B87831D650A56004944AA /* rtmidi */ = {
			isa = PBXGroup;
			children = (
				B40B87841D650A56004944AA /* readme */,
				B40B87851D650A56004944AA /* RtMidi.cpp */,
				B40B87861D650A56004944AA /* RtMidi.h */,
			);
			path = rtmidi;
			sourceTree = "<group>";
		};
		B40B87911D650A85004944AA /* ofxSketchTemplates */ = {
			isa = PBXGroup;
			children = (
				B40B87921D650A85004944AA /* src */,
			);
			name = ofxSketchTemplates;
			sourceTree = "<group>";
		};
		B40B87921D650A85004944AA /* src */ = {
			isa = PBXGroup;
			children = (
				B40B87931D650A85004944AA /* ofxAudioSequencerTemplate.cpp */,
				B40B87941D650A85004944AA /* ofxAudioSequencerTemplate.h */,
			);
			name = src;
			path = ../src;
			sourceTree = "<group>";
		};
		B4FEAE361D650D8800B0CF92 /* ofxTimeline */ = {
			isa = PBXGroup;
			children = (
				B4FEAE371D650D8800B0CF92 /* src */,
				B4FEAE711D650D8800B0CF92 /* libs */,
			);
			name = ofxTimeline;
			sourceTree = "<group>";
		};
		B4FEAE371D650D8800B0CF92 /* src */ = {
			isa = PBXGroup;
			children = (
				B4FEAE381D650D8800B0CF92 /* ofxHotKeys.h */,
				B4FEAE391D650D8800B0CF92 /* ofxHotKeys_impl_linux.cpp */,
				B4FEAE3A1D650D8800B0CF92 /* ofxHotKeys_impl_mac.mm */,
				B4FEAE3B1D650D8800B0CF92 /* ofxHotKeys_impl_win.cpp */,
				B4FEAE3C1D650D8800B0CF92 /* ofxRemoveCocoaMenu.h */,
				B4FEAE3D1D650D8800B0CF92 /* ofxRemoveCocoaMenu.mm */,
				B4FEAE3E1D650D8800B0CF92 /* ofxTimeline.cpp */,
				B4FEAE3F1D650D8800B0CF92 /* ofxTimeline.h */,
				B4FEAE401D650D8800B0CF92 /* ofxTLAudioTrack.cpp */,
				B4FEAE411D650D8800B0CF92 /* ofxTLAudioTrack.h */,
				B4FEAE421D650D8800B0CF92 /* ofxTLBangs.cpp */,
				B4FEAE431D650D8800B0CF92 /* ofxTLBangs.h */,
				B4FEAE441D650D8800B0CF92 /* ofxTLCameraTrack.cpp */,
				B4FEAE451D650D8800B0CF92 /* ofxTLCameraTrack.h */,
				B4FEAE461D650D8800B0CF92 /* ofxTLColors.cpp */,
				B4FEAE471D650D8800B0CF92 /* ofxTLColors.h */,
				B4FEAE481D650D8800B0CF92 /* ofxTLColorTrack.cpp */,
				B4FEAE491D650D8800B0CF92 /* ofxTLColorTrack.h */,
				B4FEAE4A1D650D8800B0CF92 /* ofxTLCurves.cpp */,
				B4FEAE4B1D650D8800B0CF92 /* ofxTLCurves.h */,
				B4FEAE4C1D650D8800B0CF92 /* ofxTLEmptyKeyframes.cpp */,
				B4FEAE4D1D650D8800B0CF92 /* ofxTLEmptyKeyframes.h */,
				B4FEAE4E1D650D8800B0CF92 /* ofxTLEmptyTrack.cpp */,
				B4FEAE4F1D650D8800B0CF92 /* ofxTLEmptyTrack.h */,
				B4FEAE501D650D8800B0CF92 /* ofxTLEvents.h */,
				B4FEAE511D650D8800B0CF92 /* ofxTLFlags.cpp */,
				B4FEAE521D650D8800B0CF92 /* ofxTLFlags.h */,
				B4FEAE531D650D8800B0CF92 /* ofxTLImageSequence.cpp */,
				B4FEAE541D650D8800B0CF92 /* ofxTLImageSequence.h */,
				B4FEAE551D650D8800B0CF92 /* ofxTLImageSequenceFrame.cpp */,
				B4FEAE561D650D8800B0CF92 /* ofxTLImageSequenceFrame.h */,
				B4FEAE571D650D8800B0CF92 /* ofxTLImageTrack.cpp */,
				B4FEAE581D650D8800B0CF92 /* ofxTLImageTrack.h */,
				B4FEAE591D650D8800B0CF92 /* ofxTLInOut.cpp */,
				B4FEAE5A1D650D8800B0CF92 /* ofxTLInOut.h */,
				B4FEAE5B1D650D8800B0CF92 /* ofxTLKeyframes.cpp */,
				B4FEAE5C1D650D8800B0CF92 /* ofxTLKeyframes.h */,
				B4FEAE5D1D650D8800B0CF92 /* ofxTLLFO.cpp */,
				B4FEAE5E1D650D8800B0CF92 /* ofxTLLFO.h */,
				B4FEAE5F1D650D8800B0CF92 /* ofxTLPage.cpp */,
				B4FEAE601D650D8800B0CF92 /* ofxTLPage.h */,
				B4FEAE611D650D8800B0CF92 /* ofxTLPageTabs.cpp */,
				B4FEAE621D650D8800B0CF92 /* ofxTLPageTabs.h */,
				B4FEAE631D650D8800B0CF92 /* ofxTLSwitches.cpp */,
				B4FEAE641D650D8800B0CF92 /* ofxTLSwitches.h */,
				B4FEAE651D650D8800B0CF92 /* ofxTLTicker.cpp */,
				B4FEAE661D650D8800B0CF92 /* ofxTLTicker.h */,
				B4FEAE671D650D8800B0CF92 /* ofxTLTrack.cpp */,
				B4FEAE681D650D8800B0CF92 /* ofxTLTrack.h */,
				B4FEAE691D650D8800B0CF92 /* ofxTLTrackHeader.cpp */,
				B4FEAE6A1D650D8800B0CF92 /* ofxTLTrackHeader.h */,
				B4FEAE6B1D650D8800B0CF92 /* ofxTLVideoThumb.cpp */,
				B4FEAE6C1D650D8800B0CF92 /* ofxTLVideoThumb.h */,
				B4FEAE6D1D650D8800B0CF92 /* ofxTLVideoTrack.cpp */,
				B4FEAE6E1D650D8800B0CF92 /* ofxTLVideoTrack.h */,
				B4FEAE6F1D650D8800B0CF92 /* ofxTLZoomer.cpp */,
				B4FEAE701D650D8800B0CF92 /* ofxTLZoomer.h */,
			);
			name = src;
			path = ../../ofxTimeline/src;
			sourceTree = "<group>";
		};
		B4FEAE711D650D8800B0CF92 /* libs */ = {
			isa = PBXGroup;
			children = (
				B4FEAE721D650D8800B0CF92 /* kiss */,
				B4FEAE7A1D650D8800B0CF92 /* ofOpenALSoundPlayer_TimelineAdditions */,
				B4FEAE7E1D650D8800B0CF92 /* openal */,
				B4FEAE971D650D8800B0CF92 /* sndfile */,
			);
			name = libs;
			path = ../../ofxTimeline/libs;
			sourceTree = "<group>";
		};
		B4FEAE721D650D8800B0CF92 /* kiss */ = {
			isa = PBXGroup;
			children = (
				B4FEAE731D650D8800B0CF92 /* include */,
				B4FEAE761D650D8800B0CF92 /* src */,
			);
			path = kiss;
			sourceTree = "<group>";
		};
		B4FEAE731D650D8800B0CF92 /* include */ = {
			isa = PBXGroup;
			children = (
				B4FEAE741D650D8800B0CF92 /* kiss_fft.h */,
				B4FEAE751D650D8800B0CF92 /* kiss_fftr.h */,
			);
			path = include;
			sourceTree = "<group>";
		};
		B4FEAE761D650D8800B0CF92 /* src */ = {
			isa = PBXGroup;
			children = (
				B4FEAE771D650D8800B0CF92 /* _kiss_fft_guts.h */,
				B4FEAE781D650D8800B0CF92 /* kiss_fft.c */,
				B4FEAE791D650D8800B0CF92 /* kiss_fftr.c */,
			);
			path = src;
			sourceTree = "<group>";
		};
		B4FEAE7A1D650D8800B0CF92 /* ofOpenALSoundPlayer_TimelineAdditions */ = {
			isa = PBXGroup;
			children = (
				B4FEAE7B1D650D8800B0CF92 /* src */,
			);
			path = ofOpenALSoundPlayer_TimelineAdditions;
			sourceTree = "<group>";
		};
		B4FEAE7B1D650D8800B0CF92 /* src */ = {
			isa = PBXGroup;
			children = (
				B4FEAE7C1D650D8800B0CF92 /* ofOpenALSoundPlayer_TimelineAdditions.cpp */,
				B4FEAE7D1D650D8800B0CF92 /* ofOpenALSoundPlayer_TimelineAdditions.h */,
			);
			path = src;
			sourceTree = "<group>";
		};
		B4FEAE7E1D650D8800B0CF92 /* openal */ = {
			isa = PBXGroup;
			children = (
				B4FEAE7F1D650D8800B0CF92 /* export */,
				B4FEAE871D650D8800B0CF92 /* include */,
				B4FEAE8F1D650D8800B0CF92 /* lib */,
			);
			path = openal;
			sourceTree = "<group>";
		};
		B4FEAE7F1D650D8800B0CF92 /* export */ = {
			isa = PBXGroup;
			children = (
				B4FEAE801D650D8800B0CF92 /* vs */,
			);
			path = export;
			sourceTree = "<group>";
		};
		B4FEAE801D650D8800B0CF92 /* vs */ = {
			isa = PBXGroup;
			children = (
				B4FEAE811D650D8800B0CF92 /* Win32 */,
				B4FEAE841D650D8800B0CF92 /* x64 */,
			);
			path = vs;
			sourceTree = "<group>";
		};
		B4FEAE811D650D8800B0CF92 /* Win32 */ = {
			isa = PBXGroup;
			children = (
				B4FEAE821D650D8800B0CF92 /* OpenAL32.dll */,
				B4FEAE831D650D8800B0CF92 /* soft_oal.dll */,
			);
			path = Win32;
			sourceTree = "<group>";
		};
		B4FEAE841D650D8800B0CF92 /* x64 */ = {
			isa = PBXGroup;
			children = (
				B4FEAE851D650D8800B0CF92 /* OpenAL32.dll */,
				B4FEAE861D650D8800B0CF92 /* soft_oal.dll */,
			);
			path = x64;
			sourceTree = "<group>";
		};
		B4FEAE871D650D8800B0CF92 /* include */ = {
			isa = PBXGroup;
			children = (
				B4FEAE881D650D8800B0CF92 /* AL */,
			);
			path = include;
			sourceTree = "<group>";
		};
		B4FEAE881D650D8800B0CF92 /* AL */ = {
			isa = PBXGroup;
			children = (
				B4FEAE891D650D8800B0CF92 /* al.h */,
				B4FEAE8A1D650D8800B0CF92 /* alc.h */,
				B4FEAE8B1D650D8800B0CF92 /* alext.h */,
				B4FEAE8C1D650D8800B0CF92 /* efx-creative.h */,
				B4FEAE8D1D650D8800B0CF92 /* efx-presets.h */,
				B4FEAE8E1D650D8800B0CF92 /* efx.h */,
			);
			path = AL;
			sourceTree = "<group>";
		};
		B4FEAE8F1D650D8800B0CF92 /* lib */ = {
			isa = PBXGroup;
			children = (
				B4FEAE901D650D8800B0CF92 /* osx */,
			);
			path = lib;
			sourceTree = "<group>";
		};
		B4FEAE901D650D8800B0CF92 /* osx */ = {
			isa = PBXGroup;
			children = (
				B4FEAE911D650D8800B0CF92 /* libsndfile.a */,
			);
			path = osx;
			sourceTree = "<group>";
		};
		B4FEAE971D650D8800B0CF92 /* sndfile */ = {
			isa = PBXGroup;
			children = (
				B4FEAE981D650D8800B0CF92 /* export */,
				B4FEAE9E1D650D8800B0CF92 /* include */,
				B4FEAEA11D650D8800B0CF92 /* lib */,
			);
			path = sndfile;
			sourceTree = "<group>";
		};
		B4FEAE981D650D8800B0CF92 /* export */ = {
			isa = PBXGroup;
			children = (
				B4FEAE991D650D8800B0CF92 /* vs */,
			);
			path = export;
			sourceTree = "<group>";
		};
		B4FEAE991D650D8800B0CF92 /* vs */ = {
			isa = PBXGroup;
			children = (
				B4FEAE9A1D650D8800B0CF92 /* Win32 */,
				B4FEAE9C1D650D8800B0CF92 /* x64 */,
			);
			path = vs;
			sourceTree = "<group>";
		};
		B4FEAE9A1D650D8800B0CF92 /* Win32 */ = {
			isa = PBXGroup;
			children = (
				B4FEAE9B1D650D8800B0CF92 /* libsndfile-1.dll */,
			);
			path = Win32;
			sourceTree = "<group>";
		};
		B4FEAE9C1D650D8800B0CF92 /* x64 */ = {
			isa = PBXGroup;
			children = (
				B4FEAE9D1D650D8800B0CF92 /* libsndfile-1.dll */,
			);
			path = x64;
			sourceTree = "<group>";
		};
		B4FEAE9E1D650D8800B0CF92 /* include */ = {
			isa = PBXGroup;
			children = (
				B4FEAE9F1D650D8800B0CF92 /* sndfile.h */,
				B4FEAEA01D650D8800B0CF92 /* sndfile.hh */,
			);
			path = include;
			sourceTree = "<group>";
		};
		B4FEAEA11D650D8800B0CF92 /* lib */ = {
			isa = PBXGroup;
			children = (
				B4FEAEA21D650D8800B0CF92 /* osx */,
			);
			path = lib;
			sourceTree = "<group>";
		};
		B4FEAEA21D650D8800B0CF92 /* osx */ = {
			isa = PBXGroup;
			children = (
				B4FEAEA31D650D8800B0CF92 /* libsndfile.a */,
			);
			path = osx;
			sourceTree = "<group>";
		};
		B4FEAEC81D650D8800B0CF92 /* ofxXmlSettings */ = {
			isa = PBXGroup;
			children = (
				B4FEAEC91D650D8800B0CF92 /* src */,
				B4FEAECC1D650D8800B0CF92 /* libs */,
			);
			name = ofxXmlSettings;
			sourceTree = "<group>";
		};
		B4FEAEC91D650D8800B0CF92 /* src */ = {
			isa = PBXGroup;
			children = (
				B4FEAECA1D650D8800B0CF92 /* ofxXmlSettings.cpp */,
				B4FEAECB1D650D8800B0CF92 /* ofxXmlSettings.h */,
			);
			name = src;
			path = ../../ofxXmlSettings/src;
			sourceTree = "<group>";
		};
		B4FEAECC1D650D8800B0CF92 /* libs */ = {
			isa = PBXGroup;
			children = (
				B4FEAECD1D650D8800B0CF92 /* tinyxml.cpp */,
				B4FEAECE1D650D8800B0CF92 /* tinyxml.h */,
				B4FEAECF1D650D8800B0CF92 /* tinyxmlerror.cpp */,
				B4FEAED01D650D8800B0CF92 /* tinyxmlparser.cpp */,
			);
			name = libs;
			path = ../../ofxXmlSettings/libs;
			sourceTree = "<group>";
		};
		B4FEAED51D650D8800B0CF92 /* ofxTween */ = {
			isa = PBXGroup;
			children = (
				B4FEAED61D650D8800B0CF92 /* src */,
			);
			name = ofxTween;
			sourceTree = "<group>";
		};
		B4FEAED61D650D8800B0CF92 /* src */ = {
			isa = PBXGroup;
			children = (
				B4FEAED71D650D8800B0CF92 /* Easings */,
				B4FEAEF11D650D8800B0CF92 /* ofxTween.cpp */,
				B4FEAEF21D650D8800B0CF92 /* ofxTween.h */,
			);
			name = src;
			path = ../../ofxTween/src;
			sourceTree = "<group>";
		};
		B4FEAED71D650D8800B0CF92 /* Easings */ = {
			isa = PBXGroup;
			children = (
				B4FEAED81D650D8800B0CF92 /* easing_terms_of_use.html */,
				B4FEAED91D650D8800B0CF92 /* ofxEasing.cpp */,
				B4FEAEDA1D650D8800B0CF92 /* ofxEasing.h */,
				B4FEAEDB1D650D8800B0CF92 /* ofxEasingBack.cpp */,
				B4FEAEDC1D650D8800B0CF92 /* ofxEasingBack.h */,
				B4FEAEDD1D650D8800B0CF92 /* ofxEasingBounce.cpp */,
				B4FEAEDE1D650D8800B0CF92 /* ofxEasingBounce.h */,
				B4FEAEDF1D650D8800B0CF92 /* ofxEasingCirc.cpp */,
				B4FEAEE01D650D8800B0CF92 /* ofxEasingCirc.h */,
				B4FEAEE11D650D8800B0CF92 /* ofxEasingCubic.cpp */,
				B4FEAEE21D650D8800B0CF92 /* ofxEasingCubic.h */,
				B4FEAEE31D650D8800B0CF92 /* ofxEasingElastic.cpp */,
				B4FEAEE41D650D8800B0CF92 /* ofxEasingElastic.h */,
				B4FEAEE51D650D8800B0CF92 /* ofxEasingExpo.cpp */,
				B4FEAEE61D650D8800B0CF92 /* ofxEasingExpo.h */,
				B4FEAEE71D650D8800B0CF92 /* ofxEasingLinear.cpp */,
				B4FEAEE81D650D8800B0CF92 /* ofxEasingLinear.h */,
				B4FEAEE91D650D8800B0CF92 /* ofxEasingQuad.cpp */,
				B4FEAEEA1D650D8800B0CF92 /* ofxEasingQuad.h */,
				B4FEAEEB1D650D8800B0CF92 /* ofxEasingQuart.cpp */,
				B4FEAEEC1D650D8800B0CF92 /* ofxEasingQuart.h */,
				B4FEAEED1D650D8800B0CF92 /* ofxEasingQuint.cpp */,
				B4FEAEEE1D650D8800B0CF92 /* ofxEasingQuint.h */,
				B4FEAEEF1D650D8800B0CF92 /* ofxEasingSine.cpp */,
				B4FEAEF01D650D8800B0CF92 /* ofxEasingSine.h */,
			);
			path = Easings;
			sourceTree = "<group>";
		};
		B4FEAF001D650D8800B0CF92 /* ofxRange */ = {
			isa = PBXGroup;
			children = (
				B4FEAF011D650D8800B0CF92 /* src */,
			);
			name = ofxRange;
			sourceTree = "<group>";
		};
		B4FEAF011D650D8800B0CF92 /* src */ = {
			isa = PBXGroup;
			children = (
				B4FEAF021D650D8800B0CF92 /* ofRange.h */,
			);
			name = src;
			path = ../../ofxRange/src;
			sourceTree = "<group>";
		};
		B4FEAF031D650D8800B0CF92 /* ofxMSATimer */ = {
			isa = PBXGroup;
			children = (
				B4FEAF041D650D8800B0CF92 /* src */,
			);
			name = ofxMSATimer;
			sourceTree = "<group>";
		};
		B4FEAF041D650D8800B0CF92 /* src */ = {
			isa = PBXGroup;
			children = (
				B4FEAF051D650D8800B0CF92 /* ofxMSATimer.cpp */,
				B4FEAF061D650D8800B0CF92 /* ofxMSATimer.h */,
			);
			name = src;
			path = ../../ofxMSATimer/src;
			sourceTree = "<group>";
		};
		B4FEAF081D650D8800B0CF92 /* ofxTimecode */ = {
			isa = PBXGroup;
			children = (
				B4FEAF091D650D8800B0CF92 /* src */,
			);
			name = ofxTimecode;
			sourceTree = "<group>";
		};
		B4FEAF091D650D8800B0CF92 /* src */ = {
			isa = PBXGroup;
			children = (
				B4FEAF0A1D650D8800B0CF92 /* ofxTimecode.cpp */,
				B4FEAF0B1D650D8800B0CF92 /* ofxTimecode.h */,
			);
			name = src;
			path = ../../ofxTimecode/src;
			sourceTree = "<group>";
		};
		B4FEAF0D1D650D8800B0CF92 /* ofxTextInputField */ = {
			isa = PBXGroup;
			children = (
				B4FEAF0E1D650D8800B0CF92 /* src */,
			);
			name = ofxTextInputField;
			sourceTree = "<group>";
		};
		B4FEAF0E1D650D8800B0CF92 /* src */ = {
			isa = PBXGroup;
			children = (
				B4FEAF0F1D650D8800B0CF92 /* ofxTextInputField.cpp */,
				B4FEAF101D650D8800B0CF92 /* ofxTextInputField.h */,
				B4FEAF111D650D8800B0CF92 /* ofxTextInputFieldFontRenderer.h */,
			);
			name = src;
			path = ../../ofxTextInputField/src;
			sourceTree = "<group>";
		};
		BB4B014C10F69532006C3DED /* addons */ = {
			isa = PBXGroup;
			children = (
				B4FEAF0D1D650D8800B0CF92 /* ofxTextInputField */,
				B4FEAF081D650D8800B0CF92 /* ofxTimecode */,
				B4FEAF031D650D8800B0CF92 /* ofxMSATimer */,
				B4FEAF001D650D8800B0CF92 /* ofxRange */,
				B4FEAED51D650D8800B0CF92 /* ofxTween */,
				B4FEAEC81D650D8800B0CF92 /* ofxXmlSettings */,
				B4FEAE361D650D8800B0CF92 /* ofxTimeline */,
				B40B87911D650A85004944AA /* ofxSketchTemplates */,
				B40B875A1D650A56004944AA /* ofxMidi */,
				B40B87551D650A4E004944AA /* ofxBpm */,
				B40B87351D650A4B004944AA /* ofxAudioUnitManager */,
				B40B86EA1D650A48004944AA /* ofxAudioUnit */,
			);
			name = addons;
			sourceTree = "<group>";
		};
		E4328144138ABC890047C5CB /* Products */ = {
			isa = PBXGroup;
			children = (
				E4328148138ABC890047C5CB /* openFrameworksDebug.a */,
			);
			name = Products;
			sourceTree = "<group>";
		};
		E4B69B4A0A3A1720003C02F2 = {
			isa = PBXGroup;
			children = (
				E4B6FCAD0C3E899E008CF71C /* openFrameworks-Info.plist */,
				E4EB6923138AFD0F00A09F29 /* Project.xcconfig */,
				E4B69E1C0A3A1BDC003C02F2 /* src */,
				E4EEC9E9138DF44700A80321 /* openFrameworks */,
				BB4B014C10F69532006C3DED /* addons */,
				6948EE371B920CB800B5AC1A /* local_addons */,
				E4B69B5B0A3A1756003C02F2 /* example-audioSequencerDebug.app */,
			);
			sourceTree = "<group>";
		};
		E4B69E1C0A3A1BDC003C02F2 /* src */ = {
			isa = PBXGroup;
			children = (
				E4B69E1D0A3A1BDC003C02F2 /* main.cpp */,
				E4B69E1E0A3A1BDC003C02F2 /* ofApp.cpp */,
				E4B69E1F0A3A1BDC003C02F2 /* ofApp.h */,
			);
			path = src;
			sourceTree = SOURCE_ROOT;
		};
		E4EEC9E9138DF44700A80321 /* openFrameworks */ = {
			isa = PBXGroup;
			children = (
				E4EB691F138AFCF100A09F29 /* CoreOF.xcconfig */,
				E4328143138ABC890047C5CB /* openFrameworksLib.xcodeproj */,
			);
			name = openFrameworks;
			sourceTree = "<group>";
		};
/* End PBXGroup section */

/* Begin PBXNativeTarget section */
		E4B69B5A0A3A1756003C02F2 /* example-audioSequencer */ = {
			isa = PBXNativeTarget;
			buildConfigurationList = E4B69B5F0A3A1757003C02F2 /* Build configuration list for PBXNativeTarget "example-audioSequencer" */;
			buildPhases = (
				E4B69B580A3A1756003C02F2 /* Sources */,
				E4B69B590A3A1756003C02F2 /* Frameworks */,
				E4B6FFFD0C3F9AB9008CF71C /* ShellScript */,
				E4C2427710CC5ABF004149E2 /* CopyFiles */,
			);
			buildRules = (
			);
			dependencies = (
				E4EEB9AC138B136A00A80321 /* PBXTargetDependency */,
			);
			name = "example-audioSequencer";
			productName = myOFApp;
			productReference = E4B69B5B0A3A1756003C02F2 /* example-audioSequencerDebug.app */;
			productType = "com.apple.product-type.application";
		};
/* End PBXNativeTarget section */

/* Begin PBXProject section */
		E4B69B4C0A3A1720003C02F2 /* Project object */ = {
			isa = PBXProject;
			attributes = {
				LastUpgradeCheck = 0600;
			};
			buildConfigurationList = E4B69B4D0A3A1720003C02F2 /* Build configuration list for PBXProject "example-audioSequencer" */;
			compatibilityVersion = "Xcode 3.2";
			developmentRegion = English;
			hasScannedForEncodings = 0;
			knownRegions = (
				English,
				Japanese,
				French,
				German,
			);
			mainGroup = E4B69B4A0A3A1720003C02F2;
			productRefGroup = E4B69B4A0A3A1720003C02F2;
			projectDirPath = "";
			projectReferences = (
				{
					ProductGroup = E4328144138ABC890047C5CB /* Products */;
					ProjectRef = E4328143138ABC890047C5CB /* openFrameworksLib.xcodeproj */;
				},
			);
			projectRoot = "";
			targets = (
				E4B69B5A0A3A1756003C02F2 /* example-audioSequencer */,
			);
		};
/* End PBXProject section */

/* Begin PBXReferenceProxy section */
		E4328148138ABC890047C5CB /* openFrameworksDebug.a */ = {
			isa = PBXReferenceProxy;
			fileType = archive.ar;
			path = openFrameworksDebug.a;
			remoteRef = E4328147138ABC890047C5CB /* PBXContainerItemProxy */;
			sourceTree = BUILT_PRODUCTS_DIR;
		};
/* End PBXReferenceProxy section */

/* Begin PBXShellScriptBuildPhase section */
		E4B6FFFD0C3F9AB9008CF71C /* ShellScript */ = {
			isa = PBXShellScriptBuildPhase;
			buildActionMask = 2147483647;
			files = (
			);
			inputPaths = (
			);
			outputPaths = (
			);
			runOnlyForDeploymentPostprocessing = 0;
			shellPath = /bin/sh;
			shellScript = "mkdir -p \"$TARGET_BUILD_DIR/$PRODUCT_NAME.app/Contents/Resources/\"\n# Copy default icon file into App/Resources\nrsync -aved \"$ICON_FILE\" \"$TARGET_BUILD_DIR/$PRODUCT_NAME.app/Contents/Resources/\"\n# Copy libfmod and change install directory for fmod to run\nrsync -aved ../../../libs/fmodex/lib/osx/libfmodex.dylib \"$TARGET_BUILD_DIR/$PRODUCT_NAME.app/Contents/Frameworks/\";\ninstall_name_tool -change @executable_path/libfmodex.dylib @executable_path/../Frameworks/libfmodex.dylib \"$TARGET_BUILD_DIR/$PRODUCT_NAME.app/Contents/MacOS/$PRODUCT_NAME\";\n# Copy GLUT framework (must remove for AppStore submissions)\nrsync -aved ../../../libs/glut/lib/osx/GLUT.framework \"$TARGET_BUILD_DIR/$PRODUCT_NAME.app/Contents/Frameworks/\"\n";
		};
/* End PBXShellScriptBuildPhase section */

/* Begin PBXSourcesBuildPhase section */
		E4B69B580A3A1756003C02F2 /* Sources */ = {
			isa = PBXSourcesBuildPhase;
			buildActionMask = 2147483647;
			files = (
				B40B872D1D650A48004944AA /* ofxAudioUnitRecorder.cpp in Sources */,
				B40B87311D650A48004944AA /* TPCircularBuffer.c in Sources */,
				B40B87881D650A56004944AA /* ofxRtMidiIn.cpp in Sources */,
				B4FEAEB21D650D8800B0CF92 /* ofxTLEmptyTrack.cpp in Sources */,
				B4FEAEBB1D650D8800B0CF92 /* ofxTLPageTabs.cpp in Sources */,
				B4FEAEC51D650D8800B0CF92 /* ofOpenALSoundPlayer_TimelineAdditions.cpp in Sources */,
				B4FEAEF81D650D8800B0CF92 /* ofxEasingElastic.cpp in Sources */,
				B4FEAEC21D650D8800B0CF92 /* ofxTLZoomer.cpp in Sources */,
				B40B87201D650A48004944AA /* ofxAudioUnit.cpp in Sources */,
				B4FEAEC31D650D8800B0CF92 /* kiss_fft.c in Sources */,
				B40B878F1D650A56004944AA /* RtMidi.cpp in Sources */,
				B40B87541D650A4B004944AA /* ofxAudioUnitManagerUtils.cpp in Sources */,
				B4FEAEB81D650D8800B0CF92 /* ofxTLKeyframes.cpp in Sources */,
				B4FEAED11D650D8800B0CF92 /* ofxXmlSettings.cpp in Sources */,
				B4FEAEAA1D650D8800B0CF92 /* ofxTimeline.cpp in Sources */,
				B4FEAEAB1D650D8800B0CF92 /* ofxTLAudioTrack.cpp in Sources */,
				B40B87501D650A4B004944AA /* MidiHandler.cpp in Sources */,
				B4FEAF071D650D8800B0CF92 /* ofxMSATimer.cpp in Sources */,
				B4FEAEB11D650D8800B0CF92 /* ofxTLEmptyKeyframes.cpp in Sources */,
				B40B87301D650A48004944AA /* ofxAudioUnitTap.cpp in Sources */,
				B4FEAEFB1D650D8800B0CF92 /* ofxEasingQuad.cpp in Sources */,
				B40B87271D650A48004944AA /* ofxAudioUnitMatrixMixer.cpp in Sources */,
				B40B87591D650A4E004944AA /* ofxBpm.cpp in Sources */,
				B4FEAF0C1D650D8800B0CF92 /* ofxTimecode.cpp in Sources */,
				B40B87971D650A85004944AA /* ofxAudioSequencerTemplate.cpp in Sources */,
				B4FEAEC11D650D8800B0CF92 /* ofxTLVideoTrack.cpp in Sources */,
				B40B87211D650A48004944AA /* ofxAudioUnitCocoaUtilties.mm in Sources */,
				E4B69E200A3A1BDC003C02F2 /* main.cpp in Sources */,
				B40B872A1D650A48004944AA /* ofxAudioUnitNetReceive.cpp in Sources */,
				B40B878D1D650A56004944AA /* ofxMidiMessage.cpp in Sources */,
				B4FEAEB61D650D8800B0CF92 /* ofxTLImageTrack.cpp in Sources */,
				B40B878B1D650A56004944AA /* ofxMidi.cpp in Sources */,
				B40B87521D650A4B004944AA /* UIHandler.cpp in Sources */,
				B4FEAEF41D650D8800B0CF92 /* ofxEasingBack.cpp in Sources */,
				B40B872B1D650A48004944AA /* ofxAudioUnitNetSend.cpp in Sources */,
				B40B872F1D650A48004944AA /* ofxAudioUnitSpeechSynth.cpp in Sources */,
				B4FEAEAE1D650D8800B0CF92 /* ofxTLColors.cpp in Sources */,
				B4FEAEFA1D650D8800B0CF92 /* ofxEasingLinear.cpp in Sources */,
				B40B878C1D650A56004944AA /* ofxMidiIn.cpp in Sources */,
				B40B87251D650A48004944AA /* ofxAudioUnitHardwareUtils.cpp in Sources */,
				B4FEAEF31D650D8800B0CF92 /* ofxEasing.cpp in Sources */,
				B4FEAEF51D650D8800B0CF92 /* ofxEasingBounce.cpp in Sources */,
				B4FEAEB51D650D8800B0CF92 /* ofxTLImageSequenceFrame.cpp in Sources */,
				B4FEAEBD1D650D8800B0CF92 /* ofxTLTicker.cpp in Sources */,
				B4FEAEAC1D650D8800B0CF92 /* ofxTLBangs.cpp in Sources */,
				B4FEAEB71D650D8800B0CF92 /* ofxTLInOut.cpp in Sources */,
				B4FEAEB01D650D8800B0CF92 /* ofxTLCurves.cpp in Sources */,
				B40B87231D650A48004944AA /* ofxAudioUnitFftNode.cpp in Sources */,
				B4FEAEA71D650D8800B0CF92 /* ofxHotKeys_impl_mac.mm in Sources */,
				B40B878A1D650A56004944AA /* ofxBaseMidi.cpp in Sources */,
				B40B87531D650A4B004944AA /* ofxAudioUnitManager.cpp in Sources */,
				B4FEAEBA1D650D8800B0CF92 /* ofxTLPage.cpp in Sources */,
				B4FEAEB41D650D8800B0CF92 /* ofxTLImageSequence.cpp in Sources */,
				B4FEAED41D650D8800B0CF92 /* tinyxmlparser.cpp in Sources */,
				B40B871E1D650A48004944AA /* CAAUParameter.cpp in Sources */,
				B4FEAEFC1D650D8800B0CF92 /* ofxEasingQuart.cpp in Sources */,
				B4FEAEB31D650D8800B0CF92 /* ofxTLFlags.cpp in Sources */,
				B40B87241D650A48004944AA /* ofxAudioUnitFilePlayer.cpp in Sources */,
				B4FEAEFD1D650D8800B0CF92 /* ofxEasingQuint.cpp in Sources */,
				B4FEAEBF1D650D8800B0CF92 /* ofxTLTrackHeader.cpp in Sources */,
				B4FEAEA91D650D8800B0CF92 /* ofxRemoveCocoaMenu.mm in Sources */,
				B40B878E1D650A56004944AA /* ofxMidiOut.cpp in Sources */,
				B4FEAEBE1D650D8800B0CF92 /* ofxTLTrack.cpp in Sources */,
				B40B87511D650A4B004944AA /* PresetsHandler.cpp in Sources */,
				B4FEAEC01D650D8800B0CF92 /* ofxTLVideoThumb.cpp in Sources */,
				B40B87221D650A48004944AA /* ofxAudioUnitDSPNode.cpp in Sources */,
				B4FEAEFE1D650D8800B0CF92 /* ofxEasingSine.cpp in Sources */,
				B4FEAEF71D650D8800B0CF92 /* ofxEasingCubic.cpp in Sources */,
				B40B871D1D650A48004944AA /* AUParamInfo.cpp in Sources */,
				B4FEAED31D650D8800B0CF92 /* tinyxmlerror.cpp in Sources */,
				B40B874D1D650A4B004944AA /* ofxAudioUnitChain.cpp in Sources */,
				B4FEAEF61D650D8800B0CF92 /* ofxEasingCirc.cpp in Sources */,
				B40B87261D650A48004944AA /* ofxAudioUnitInput.cpp in Sources */,
				B40B874E1D650A4B004944AA /* ofxManagedAudioUnit.cpp in Sources */,
				B40B871F1D650A48004944AA /* CADebugMacros.cpp in Sources */,
				B4FEAEFF1D650D8800B0CF92 /* ofxTween.cpp in Sources */,
				B40B87291D650A48004944AA /* ofxAudioUnitMixer.cpp in Sources */,
				B4FEAED21D650D8800B0CF92 /* tinyxml.cpp in Sources */,
				B40B872C1D650A48004944AA /* ofxAudioUnitOutput.cpp in Sources */,
				E4B69E210A3A1BDC003C02F2 /* ofApp.cpp in Sources */,
				B4FEAEAD1D650D8800B0CF92 /* ofxTLCameraTrack.cpp in Sources */,
				B4FEAEA81D650D8800B0CF92 /* ofxHotKeys_impl_win.cpp in Sources */,
				B40B87281D650A48004944AA /* ofxAudioUnitMidi.cpp in Sources */,
				B4FEAEBC1D650D8800B0CF92 /* ofxTLSwitches.cpp in Sources */,
				B40B874F1D650A4B004944AA /* ofxManagedAudioUnitMixer.cpp in Sources */,
				B4FEAEB91D650D8800B0CF92 /* ofxTLLFO.cpp in Sources */,
				B4FEAEF91D650D8800B0CF92 /* ofxEasingExpo.cpp in Sources */,
				B4FEAF121D650D8800B0CF92 /* ofxTextInputField.cpp in Sources */,
				B4FEAEAF1D650D8800B0CF92 /* ofxTLColorTrack.cpp in Sources */,
				B40B872E1D650A48004944AA /* ofxAudioUnitSampler.cpp in Sources */,
				B4FEAEA61D650D8800B0CF92 /* ofxHotKeys_impl_linux.cpp in Sources */,
				B40B87891D650A56004944AA /* ofxRtMidiOut.cpp in Sources */,
				B4FEAEC41D650D8800B0CF92 /* kiss_fftr.c in Sources */,
			);
			runOnlyForDeploymentPostprocessing = 0;
		};
/* End PBXSourcesBuildPhase section */

/* Begin PBXTargetDependency section */
		E4EEB9AC138B136A00A80321 /* PBXTargetDependency */ = {
			isa = PBXTargetDependency;
			name = openFrameworks;
			targetProxy = E4EEB9AB138B136A00A80321 /* PBXContainerItemProxy */;
		};
/* End PBXTargetDependency section */

/* Begin XCBuildConfiguration section */
		E4B69B4E0A3A1720003C02F2 /* Debug */ = {
			isa = XCBuildConfiguration;
			baseConfigurationReference = E4EB6923138AFD0F00A09F29 /* Project.xcconfig */;
			buildSettings = {
				CONFIGURATION_BUILD_DIR = "$(SRCROOT)/bin/";
				COPY_PHASE_STRIP = NO;
				DEAD_CODE_STRIPPING = YES;
				GCC_AUTO_VECTORIZATION = YES;
				GCC_ENABLE_SSE3_EXTENSIONS = YES;
				GCC_ENABLE_SUPPLEMENTAL_SSE3_INSTRUCTIONS = YES;
				GCC_INLINES_ARE_PRIVATE_EXTERN = NO;
				GCC_OPTIMIZATION_LEVEL = 0;
				GCC_SYMBOLS_PRIVATE_EXTERN = NO;
				GCC_WARN_ABOUT_DEPRECATED_FUNCTIONS = YES;
				GCC_WARN_ABOUT_INVALID_OFFSETOF_MACRO = NO;
				GCC_WARN_ALLOW_INCOMPLETE_PROTOCOL = NO;
				GCC_WARN_UNINITIALIZED_AUTOS = NO;
				GCC_WARN_UNUSED_VALUE = NO;
				GCC_WARN_UNUSED_VARIABLE = NO;
				MACOSX_DEPLOYMENT_TARGET = 10.8;
				ONLY_ACTIVE_ARCH = YES;
				OTHER_CPLUSPLUSFLAGS = (
					"-D__MACOSX_CORE__",
					"-mtune=native",
				);
				SDKROOT = macosx;
			};
			name = Debug;
		};
		E4B69B4F0A3A1720003C02F2 /* Release */ = {
			isa = XCBuildConfiguration;
			baseConfigurationReference = E4EB6923138AFD0F00A09F29 /* Project.xcconfig */;
			buildSettings = {
				CONFIGURATION_BUILD_DIR = "$(SRCROOT)/bin/";
				COPY_PHASE_STRIP = YES;
				DEAD_CODE_STRIPPING = YES;
				GCC_AUTO_VECTORIZATION = YES;
				GCC_ENABLE_SSE3_EXTENSIONS = YES;
				GCC_ENABLE_SUPPLEMENTAL_SSE3_INSTRUCTIONS = YES;
				GCC_INLINES_ARE_PRIVATE_EXTERN = NO;
				GCC_OPTIMIZATION_LEVEL = 3;
				GCC_SYMBOLS_PRIVATE_EXTERN = NO;
				GCC_UNROLL_LOOPS = YES;
				GCC_WARN_ABOUT_DEPRECATED_FUNCTIONS = YES;
				GCC_WARN_ABOUT_INVALID_OFFSETOF_MACRO = NO;
				GCC_WARN_ALLOW_INCOMPLETE_PROTOCOL = NO;
				GCC_WARN_UNINITIALIZED_AUTOS = NO;
				GCC_WARN_UNUSED_VALUE = NO;
				GCC_WARN_UNUSED_VARIABLE = NO;
				MACOSX_DEPLOYMENT_TARGET = 10.8;
				OTHER_CPLUSPLUSFLAGS = (
					"-D__MACOSX_CORE__",
					"-mtune=native",
				);
				SDKROOT = macosx;
			};
			name = Release;
		};
		E4B69B600A3A1757003C02F2 /* Debug */ = {
			isa = XCBuildConfiguration;
			baseConfigurationReference = E4EB6923138AFD0F00A09F29 /* Project.xcconfig */;
			buildSettings = {
				COMBINE_HIDPI_IMAGES = YES;
				COPY_PHASE_STRIP = NO;
				FRAMEWORK_SEARCH_PATHS = (
					"$(inherited)",
					"$(FRAMEWORK_SEARCH_PATHS_QUOTED_FOR_TARGET_1)",
				);
				FRAMEWORK_SEARCH_PATHS_QUOTED_FOR_TARGET_1 = "\"$(SRCROOT)/../../../libs/glut/lib/osx\"";
				GCC_DYNAMIC_NO_PIC = NO;
				GCC_GENERATE_DEBUGGING_SYMBOLS = YES;
				GCC_MODEL_TUNING = NONE;
				ICON = "$(ICON_NAME_DEBUG)";
				ICON_FILE = "$(ICON_FILE_PATH)$(ICON)";
				INFOPLIST_FILE = "openFrameworks-Info.plist";
				INSTALL_PATH = /Applications;
				LIBRARY_SEARCH_PATHS = (
					"$(inherited)",
					/Users/mcwillia/Google,
					Drive/Play/envs/openFrameworks/versions/093/addons/ofxTimeline/libs/openal/lib/osx,
					/Users/mcwillia/Google,
					Drive/Play/envs/openFrameworks/versions/093/addons/ofxTimeline/libs/sndfile/lib/osx,
					/Users/mcwillia/Google,
					Drive/Play/envs/openFrameworks/versions/093/addons/ofxTimeline/libs/openal/lib/osx,
					/Users/mcwillia/Google,
					Drive/Play/envs/openFrameworks/versions/093/addons/ofxTimeline/libs/sndfile/lib/osx,
				);
				PRODUCT_NAME = "$(TARGET_NAME)Debug";
				USER_HEADER_SEARCH_PATHS = "../../ofxAudioDecoder/libs/audiodecoder/include/ ../../ofxTimeline/libs/sndfile/include/ ../../ofxTimeline/libs/openal/include/ ../../ofxTimeline/libs/kiss/include/";
				WRAPPER_EXTENSION = app;
			};
			name = Debug;
		};
		E4B69B610A3A1757003C02F2 /* Release */ = {
			isa = XCBuildConfiguration;
			baseConfigurationReference = E4EB6923138AFD0F00A09F29 /* Project.xcconfig */;
			buildSettings = {
				COMBINE_HIDPI_IMAGES = YES;
				COPY_PHASE_STRIP = YES;
				FRAMEWORK_SEARCH_PATHS = (
					"$(inherited)",
					"$(FRAMEWORK_SEARCH_PATHS_QUOTED_FOR_TARGET_1)",
				);
				FRAMEWORK_SEARCH_PATHS_QUOTED_FOR_TARGET_1 = "\"$(SRCROOT)/../../../libs/glut/lib/osx\"";
				GCC_GENERATE_DEBUGGING_SYMBOLS = YES;
				GCC_MODEL_TUNING = NONE;
				ICON = "$(ICON_NAME_RELEASE)";
				ICON_FILE = "$(ICON_FILE_PATH)$(ICON)";
				INFOPLIST_FILE = "openFrameworks-Info.plist";
				INSTALL_PATH = /Applications;
				LIBRARY_SEARCH_PATHS = (
					"$(inherited)",
					/Users/mcwillia/Google,
					Drive/Play/envs/openFrameworks/versions/093/addons/ofxTimeline/libs/openal/lib/osx,
					/Users/mcwillia/Google,
					Drive/Play/envs/openFrameworks/versions/093/addons/ofxTimeline/libs/sndfile/lib/osx,
					/Users/mcwillia/Google,
					Drive/Play/envs/openFrameworks/versions/093/addons/ofxTimeline/libs/openal/lib/osx,
					/Users/mcwillia/Google,
					Drive/Play/envs/openFrameworks/versions/093/addons/ofxTimeline/libs/sndfile/lib/osx,
				);
				PRODUCT_NAME = "$(TARGET_NAME)";
				USER_HEADER_SEARCH_PATHS = "../../ofxAudioDecoder/libs/audiodecoder/include/ ../../ofxTimeline/libs/sndfile/include/ ../../ofxTimeline/libs/openal/include/ ../../ofxTimeline/libs/kiss/include/";
				WRAPPER_EXTENSION = app;
				baseConfigurationReference = E4EB6923138AFD0F00A09F29;
			};
			name = Release;
		};
/* End XCBuildConfiguration section */

/* Begin XCConfigurationList section */
		E4B69B4D0A3A1720003C02F2 /* Build configuration list for PBXProject "example-audioSequencer" */ = {
			isa = XCConfigurationList;
			buildConfigurations = (
				E4B69B4E0A3A1720003C02F2 /* Debug */,
				E4B69B4F0A3A1720003C02F2 /* Release */,
			);
			defaultConfigurationIsVisible = 0;
			defaultConfigurationName = Release;
		};
		E4B69B5F0A3A1757003C02F2 /* Build configuration list for PBXNativeTarget "example-audioSequencer" */ = {
			isa = XCConfigurationList;
			buildConfigurations = (
				E4B69B600A3A1757003C02F2 /* Debug */,
				E4B69B610A3A1757003C02F2 /* Release */,
			);
			defaultConfigurationIsVisible = 0;
			defaultConfigurationName = Release;
		};
/* End XCConfigurationList section */
	};
	rootObject = E4B69B4C0A3A1720003C02F2 /* Project object */;
}
